{
  "version": 4,
  "terraform_version": "1.13.1",
  "serial": 220,
  "lineage": "8d247c56-87ea-22f5-badb-045716eccca9",
  "outputs": {},
  "resources": [
    {
      "mode": "managed",
      "type": "azurerm_resource_group",
      "name": "infra_rgs",
      "provider": "provider[\"registry.terraform.io/hashicorp/azurerm\"]",
      "instances": [
        {
          "index_key": "dev",
          "schema_version": 0,
          "attributes": {
            "id": "/subscriptions/453fff99-3dc5-43fe-8c3d-92600fc84416/resourceGroups/dev_cloud_native_app",
            "location": "northeurope",
            "managed_by": "",
            "name": "dev_cloud_native_app",
            "tags": {},
            "timeouts": null
          },
          "sensitive_attributes": [],
          "identity_schema_version": 0,
          "private": "eyJlMmJmYjczMC1lY2FhLTExZTYtOGY4OC0zNDM2M2JjN2M0YzAiOnsiY3JlYXRlIjo1NDAwMDAwMDAwMDAwLCJkZWxldGUiOjU0MDAwMDAwMDAwMDAsInJlYWQiOjMwMDAwMDAwMDAwMCwidXBkYXRlIjo1NDAwMDAwMDAwMDAwfX0="
        },
        {
          "index_key": "prod",
          "schema_version": 0,
          "attributes": {
            "id": "/subscriptions/453fff99-3dc5-43fe-8c3d-92600fc84416/resourceGroups/prod_cloud_native_app",
            "location": "northeurope",
            "managed_by": "",
            "name": "prod_cloud_native_app",
            "tags": {},
            "timeouts": null
          },
          "sensitive_attributes": [],
          "identity_schema_version": 0,
          "private": "eyJlMmJmYjczMC1lY2FhLTExZTYtOGY4OC0zNDM2M2JjN2M0YzAiOnsiY3JlYXRlIjo1NDAwMDAwMDAwMDAwLCJkZWxldGUiOjU0MDAwMDAwMDAwMDAsInJlYWQiOjMwMDAwMDAwMDAwMCwidXBkYXRlIjo1NDAwMDAwMDAwMDAwfX0="
        },
        {
          "index_key": "stage",
          "schema_version": 0,
          "attributes": {
            "id": "/subscriptions/453fff99-3dc5-43fe-8c3d-92600fc84416/resourceGroups/stage_cloud_native_app",
            "location": "northeurope",
            "managed_by": "",
            "name": "stage_cloud_native_app",
            "tags": {},
            "timeouts": null
          },
          "sensitive_attributes": [],
          "identity_schema_version": 0,
          "private": "eyJlMmJmYjczMC1lY2FhLTExZTYtOGY4OC0zNDM2M2JjN2M0YzAiOnsiY3JlYXRlIjo1NDAwMDAwMDAwMDAwLCJkZWxldGUiOjU0MDAwMDAwMDAwMDAsInJlYWQiOjMwMDAwMDAwMDAwMCwidXBkYXRlIjo1NDAwMDAwMDAwMDAwfX0="
        }
      ]
    },
    {
      "module": "module.prod_acr",
      "mode": "managed",
      "type": "azurerm_container_registry",
      "name": "prod_acr",
      "provider": "provider[\"registry.terraform.io/hashicorp/azurerm\"]",
      "instances": [
        {
          "schema_version": 2,
          "attributes": {
            "admin_enabled": false,
            "admin_password": "",
            "admin_username": "",
            "anonymous_pull_enabled": false,
            "data_endpoint_enabled": false,
            "data_endpoint_host_names": [],
            "encryption": [
              {
                "identity_client_id": "09536be1-93a9-4e3d-a0c4-ea1f35f0b8ba",
                "key_vault_key_id": "https://kv-prod-jyp9tq.vault.azure.net/keys/prod-acr-key/afc2349415d94613a095c4a2205806b7"
              }
            ],
            "export_policy_enabled": true,
            "georeplications": [],
            "id": "/subscriptions/453fff99-3dc5-43fe-8c3d-92600fc84416/resourceGroups/prod_cloud_native_app/providers/Microsoft.ContainerRegistry/registries/prodcontainer",
            "identity": [
              {
                "identity_ids": [
                  "/subscriptions/453fff99-3dc5-43fe-8c3d-92600fc84416/resourceGroups/prod_cloud_native_app/providers/Microsoft.ManagedIdentity/userAssignedIdentities/prod_user_assigned_identity"
                ],
                "principal_id": "",
                "tenant_id": "",
                "type": "UserAssigned"
              }
            ],
            "location": "northeurope",
            "login_server": "prodcontainer.azurecr.io",
            "name": "prodcontainer",
            "network_rule_bypass_option": "AzureServices",
            "network_rule_set": [
              {
                "default_action": "Allow",
                "ip_rule": []
              }
            ],
            "public_network_access_enabled": true,
            "quarantine_policy_enabled": false,
            "resource_group_name": "prod_cloud_native_app",
            "retention_policy_in_days": 0,
            "sku": "Premium",
            "tags": {},
            "timeouts": null,
            "trust_policy_enabled": false,
            "zone_redundancy_enabled": true
          },
          "sensitive_attributes": [
            [
              {
                "type": "get_attr",
                "value": "admin_password"
              }
            ]
          ],
          "identity_schema_version": 0,
          "private": "eyJlMmJmYjczMC1lY2FhLTExZTYtOGY4OC0zNDM2M2JjN2M0YzAiOnsiY3JlYXRlIjoxODAwMDAwMDAwMDAwLCJkZWxldGUiOjE4MDAwMDAwMDAwMDAsInJlYWQiOjMwMDAwMDAwMDAwMCwidXBkYXRlIjoxODAwMDAwMDAwMDAwfSwic2NoZW1hX3ZlcnNpb24iOiIyIn0=",
          "dependencies": [
            "azurerm_resource_group.infra_rgs",
            "module.prod_acr.azurerm_role_assignment.acr_keyvault_access",
            "module.prod_identity.azurerm_user_assigned_identity.prod_uasi",
            "module.prod_keyvault.azurerm_key_vault.prodkeyvault",
            "module.prod_keyvault.azurerm_key_vault_key.prod_key",
            "module.prod_keyvault.data.azurerm_client_config.current",
            "module.prod_keyvault.random_string.kv_suffix"
          ]
        }
      ]
    },
    {
      "module": "module.prod_acr",
      "mode": "managed",
      "type": "azurerm_role_assignment",
      "name": "acr_keyvault_access",
      "provider": "provider[\"registry.terraform.io/hashicorp/azurerm\"]",
      "instances": [
        {
          "schema_version": 0,
          "attributes": {
            "condition": "",
            "condition_version": "",
            "delegated_managed_identity_resource_id": "",
            "description": "",
            "id": "/subscriptions/453fff99-3dc5-43fe-8c3d-92600fc84416/resourceGroups/prod_cloud_native_app/providers/Microsoft.KeyVault/vaults/kv-prod-jyp9tq/providers/Microsoft.Authorization/roleAssignments/530b1232-a12d-cd19-fcd3-dee88495bfed",
            "name": "530b1232-a12d-cd19-fcd3-dee88495bfed",
            "principal_id": "8dfaf73c-536d-431b-9edd-66455e508cc8",
            "principal_type": "ServicePrincipal",
            "role_definition_id": "/subscriptions/453fff99-3dc5-43fe-8c3d-92600fc84416/providers/Microsoft.Authorization/roleDefinitions/e147488a-f6f5-4113-8e2d-b22465e65bf6",
            "role_definition_name": "Key Vault Crypto Service Encryption User",
            "scope": "/subscriptions/453fff99-3dc5-43fe-8c3d-92600fc84416/resourceGroups/prod_cloud_native_app/providers/Microsoft.KeyVault/vaults/kv-prod-jyp9tq",
            "skip_service_principal_aad_check": null,
            "timeouts": null
          },
          "sensitive_attributes": [],
          "identity_schema_version": 0,
          "private": "eyJlMmJmYjczMC1lY2FhLTExZTYtOGY4OC0zNDM2M2JjN2M0YzAiOnsiY3JlYXRlIjoxODAwMDAwMDAwMDAwLCJkZWxldGUiOjE4MDAwMDAwMDAwMDAsInJlYWQiOjMwMDAwMDAwMDAwMH19",
          "dependencies": [
            "azurerm_resource_group.infra_rgs",
            "module.prod_identity.azurerm_user_assigned_identity.prod_uasi",
            "module.prod_keyvault.azurerm_key_vault.prodkeyvault",
            "module.prod_keyvault.azurerm_key_vault_key.prod_key",
            "module.prod_keyvault.data.azurerm_client_config.current",
            "module.prod_keyvault.random_string.kv_suffix"
          ]
        }
      ]
    },
    {
      "module": "module.prod_aks",
      "mode": "managed",
      "type": "azurerm_kubernetes_cluster",
      "name": "prod_cluster",
      "provider": "provider[\"registry.terraform.io/hashicorp/azurerm\"]",
      "instances": [
        {
          "schema_version": 2,
          "attributes": {
            "aci_connector_linux": [],
            "api_server_access_profile": [],
            "auto_scaler_profile": [
              {
                "balance_similar_node_groups": false,
                "daemonset_eviction_for_empty_nodes_enabled": false,
                "daemonset_eviction_for_occupied_nodes_enabled": true,
                "empty_bulk_delete_max": "10",
                "expander": "random",
                "ignore_daemonsets_utilization_enabled": false,
                "max_graceful_termination_sec": "600",
                "max_node_provisioning_time": "15m",
                "max_unready_nodes": 3,
                "max_unready_percentage": 45,
                "new_pod_scale_up_delay": "0s",
                "scale_down_delay_after_add": "10m",
                "scale_down_delay_after_delete": "10s",
                "scale_down_delay_after_failure": "3m",
                "scale_down_unneeded": "10m",
                "scale_down_unready": "20m",
                "scale_down_utilization_threshold": "0.5",
                "scan_interval": "10s",
                "skip_nodes_with_local_storage": false,
                "skip_nodes_with_system_pods": true
              }
            ],
            "automatic_upgrade_channel": "",
            "azure_active_directory_role_based_access_control": [],
            "azure_policy_enabled": null,
            "confidential_computing": [],
            "cost_analysis_enabled": false,
            "current_kubernetes_version": "1.32.6",
            "custom_ca_trust_certificates_base64": [],
            "default_node_pool": [
              {
                "auto_scaling_enabled": true,
                "capacity_reservation_group_id": "",
                "fips_enabled": false,
                "gpu_driver": "",
                "gpu_instance": "",
                "host_encryption_enabled": false,
                "host_group_id": "",
                "kubelet_config": [],
                "kubelet_disk_type": "OS",
                "linux_os_config": [],
                "max_count": 1,
                "max_pods": 30,
                "min_count": 1,
                "name": "nodepool",
                "node_count": 1,
                "node_labels": {},
                "node_network_profile": [],
                "node_public_ip_enabled": false,
                "node_public_ip_prefix_id": "",
                "only_critical_addons_enabled": false,
                "orchestrator_version": "1.32",
                "os_disk_size_gb": 128,
                "os_disk_type": "Managed",
                "os_sku": "Ubuntu",
                "pod_subnet_id": "",
                "proximity_placement_group_id": "",
                "scale_down_mode": "Delete",
                "snapshot_id": "",
                "tags": {},
                "temporary_name_for_rotation": "prodtemp",
                "type": "VirtualMachineScaleSets",
                "ultra_ssd_enabled": false,
                "upgrade_settings": [
                  {
                    "drain_timeout_in_minutes": 0,
                    "max_surge": "10%",
                    "node_soak_duration_in_minutes": 0
                  }
                ],
                "vm_size": "Standard_B2s",
                "vnet_subnet_id": "/subscriptions/453fff99-3dc5-43fe-8c3d-92600fc84416/resourceGroups/prod_cloud_native_app/providers/Microsoft.Network/virtualNetworks/prod-vnet/subnets/prod-subnet",
                "workload_runtime": "",
                "zones": [
                  "3"
                ]
              }
            ],
            "disk_encryption_set_id": "",
            "dns_prefix": "prodaks",
            "dns_prefix_private_cluster": "",
            "edge_zone": "",
            "fqdn": "prodaks-5qv5kuu4.hcp.northeurope.azmk8s.io",
            "http_application_routing_enabled": null,
            "http_application_routing_zone_name": null,
            "http_proxy_config": [],
            "id": "/subscriptions/453fff99-3dc5-43fe-8c3d-92600fc84416/resourceGroups/prod_cloud_native_app/providers/Microsoft.ContainerService/managedClusters/prod-aks",
            "identity": [
              {
                "identity_ids": [
                  "/subscriptions/453fff99-3dc5-43fe-8c3d-92600fc84416/resourceGroups/prod_cloud_native_app/providers/Microsoft.ManagedIdentity/userAssignedIdentities/prod_user_assigned_identity"
                ],
                "principal_id": "",
                "tenant_id": "",
                "type": "UserAssigned"
              }
            ],
            "image_cleaner_enabled": null,
            "image_cleaner_interval_hours": null,
            "ingress_application_gateway": [],
            "key_management_service": [],
            "key_vault_secrets_provider": [],
            "kube_admin_config": [],
            "kube_admin_config_raw": "",
            "kube_config": [
              {
                "client_certificate": "LS0tLS1CRUdJTiBDRVJUSUZJQ0FURS0tLS0tCk1JSUZIVENDQXdXZ0F3SUJBZ0lRQkt0SDhpNFlFaktKak9aZWFoTUpRREFOQmdrcWhraUc5dzBCQVFzRkFEQU4KTVFzd0NRWURWUVFERXdKallUQWVGdzB5TlRBNU1EWXhNek01TWpWYUZ3MHlOekE1TURZeE16UTVNalZhTURBeApGekFWQmdOVkJBb1REbk41YzNSbGJUcHRZWE4wWlhKek1SVXdFd1lEVlFRREV3eHRZWE4wWlhKamJHbGxiblF3CmdnSWlNQTBHQ1NxR1NJYjNEUUVCQVFVQUE0SUNEd0F3Z2dJS0FvSUNBUURHL2N1WkJaRXdpUFprODZaZ2FqaGgKcXlzcmlHeEJtM0tUR0pNZnBHeTJ4cW5kazlQaktDWkYwaVY5YTJieUgydGlPVFdBNUovYk0yOHZPNGxuWm52cQpLeUxzTHovSzVCak1MaEJSakoxL2xJSmY0U2pVZnpxb2QybHg0MStOS1BMVFREMUMrT285R1lSSXZyaXRWSjRUCmJ5a3pvM0lVMkRuNGVhTSsvSUV0dVRraE1uQ1RnQWFMOUhyM2J0Q3JxbXFoU2M1L1JnMW9tN3huUytDR3VDb2sKdmFYMzNrNG9NaDMzRjNmRVNxZTByWlBkVjNWUHJla29RZEZtU1RLQllTRHdZejd6TjYydUJOU3lVTWN1dVZIVApvUWlsOWhPQS8rYW1Lcy9XKzYrZ0FQQVM5ZW43Q3dRMWJubmRKZW53aGtQZ05aNmlkM1oxVDhmQnUyUXpSY3RaCmoxckF5OFF3ck83SWFVZ21IZVNYWWFNS24raVpieXdKS1FhRlczaFpzZGlMb1pHZEUvWklKdUlVZkRWbjhBOXYKbUZiMzdGeG5mV01hdWREbmRGYzhkQlJ4SjB1TlFYMndXdlk1WHdRRjIwNXEvTS91ZlZJcHZnZWFkc3dIcTl2eQo4TzhjY2xrekZyN1hDNHV3L1A0M3hLU096THByRjd0RW1JK0d6QzVwUUJDQ0RNN1lXamlLcFBYdjVZNzFyKzE3Cml1dzFUU2JnWmJxeXZwWFNsaEZ6K3BwUjRuYSthQVFlZmVuZGVyTU1wZnNiSW9QbzYrTVZQWDA0cVVTV0JtOGEKT0lPV2F1SktxaXhRN0gyZEpBR2JyYzc1V250QzBDc1ZobzdaTWZYU2Q2ZUozNkZUUVF0SCt3YlpiZFErTHZncQp2Zy9XM3daaEY0K3ZCMEhQb3JjdzhRSURBUUFCbzFZd1ZEQU9CZ05WSFE4QkFmOEVCQU1DQmFBd0V3WURWUjBsCkJBd3dDZ1lJS3dZQkJRVUhBd0l3REFZRFZSMFRBUUgvQkFJd0FEQWZCZ05WSFNNRUdEQVdnQlJGU1lHSmkzUFYKellGNWwxNitWQXUwdFRpMEVEQU5CZ2txaGtpRzl3MEJBUXNGQUFPQ0FnRUFXYWZ6bm04SWxmc1EybTNGT2NBSwpnSWlWMFExNTIwYjd5a2tGZzdZQXdQcjArUjB5SHl3bytISkYwN2ZIb3J4NHgrU0RpejhJL1BvKzV4S001R3RWCkRRWllRRzRZMDhONGRoWTFaN2NuUGtWSzY5V3lwUlU2RlZJenQrem1iampuSjZLKzRJbHNad3lsakV5ayswNjAKdUMrMGpTN25TSHBBN3grTThpdEFaQ2lJZkc0QWpwbjlZNytwSlhBcXhHcTROVXA5QzBOSzk4dkN1TmIzc3V4Two1UmtDNU94WWlnNko2MWF1ZjdjK2dBc0ZJdHdnU1NlR3R0aEJJb1puK05zRlhVODA3Qi9yL3c2TEtPb2FNVzhDClNBVjZLNlU0clFPVW9NU2VGei9HNGh3ejlJekZTYm1iTUdFWnZHSEJSM1NUSWZRa2JqbVU3OG9DV3gxeGU5dXMKMzlvTHFUbFIzR3FLN3VnVHBHc296aVJrWENIU2hhYk44RHNDQTk4MnBiYXZCbEIyRytjRG1oT2pIM01hWnozKwpvaHJZTHozMW9aUEtpREJNNkVHU0hEYVBRVHM1cU5veDUzNTNXZjdLNGlMSEE4OUZSamJzVFdNZCtFbnZycjdSCnMrT1ZnWVVJZlh6SDc2SENqL0xoek92ZWZmUStPNDQ5c09kQ2JBS2FiVDJLaDd1VlhFQllWVWpINEdFaUMxV1AKckpkK254RnprTjh4cUNFUmdGekpOOUlvaWtnR2o3d3k1Y0JTdDdTbVMxZGx3WUFqMlhiUll6UTVtN2ZzNERLRgoxTzBnMEgreXNuQXVEenlzUmtXa29FL0sxbEw1WmxzY21QNjdyVG9HK3ZjRnA1VXhGb1ZVb2xXRmRXMmNPUE5ICmJkM1JVVlhQbUhXcTAvOG5sWWJ4T1RFPQotLS0tLUVORCBDRVJUSUZJQ0FURS0tLS0tCg==",
                "client_key": "LS0tLS1CRUdJTiBSU0EgUFJJVkFURSBLRVktLS0tLQpNSUlKSndJQkFBS0NBZ0VBeHYzTG1RV1JNSWoyWlBPbVlHbzRZYXNySzRoc1FadHlreGlUSDZSc3RzYXAzWlBUCjR5Z21SZElsZld0bThoOXJZamsxZ09TZjJ6TnZMenVKWjJaNzZpc2k3QzgveXVRWXpDNFFVWXlkZjVTQ1grRW8KMUg4NnFIZHBjZU5malNqeTAwdzlRdmpxUFJtRVNMNjRyVlNlRTI4cE02TnlGTmc1K0htalB2eUJMYms1SVRKdwprNEFHaS9SNjkyN1FxNnBxb1VuT2YwWU5hSnU4WjB2Z2hyZ3FKTDJsOTk1T0tESWQ5eGQzeEVxbnRLMlQzVmQxClQ2M3BLRUhSWmtreWdXRWc4R00rOHpldHJnVFVzbERITHJsUjA2RUlwZllUZ1AvbXBpclAxdnV2b0FEd0V2WHAKK3dzRU5XNTUzU1hwOElaRDREV2VvbmQyZFUvSHdidGtNMFhMV1k5YXdNdkVNS3p1eUdsSUpoM2tsMkdqQ3AvbwptVzhzQ1NrR2hWdDRXYkhZaTZHUm5SUDJTQ2JpRkh3MVovQVBiNWhXOSt4Y1ozMWpHcm5RNTNSWFBIUVVjU2RMCmpVRjlzRnIyT1Y4RUJkdE9hdnpQN24xU0tiNEhtbmJNQjZ2Yjh2RHZISEpaTXhhKzF3dUxzUHorTjhTa2pzeTYKYXhlN1JKaVBoc3d1YVVBUWdnek8yRm80aXFUMTcrV085YS90ZTRyc05VMG00R1c2c3I2VjBwWVJjL3FhVWVKMgp2bWdFSG4zcDNYcXpES1g3R3lLRDZPdmpGVDE5T0tsRWxnWnZHamlEbG1yaVNxb3NVT3g5blNRQm02M08rVnA3ClF0QXJGWWFPMlRIMTBuZW5pZCtoVTBFTFIvc0cyVzNVUGk3NEtyNFAxdDhHWVJlUHJ3ZEJ6NkszTVBFQ0F3RUEKQVFLQ0FnQUdyTVlLN3FiVEZla05qWXp4YlJuclhURGMrVGVVMEFJRFZEN0FXWjdkVnVPTGY0N2tvZ1dYMW5ybgpXM1pKbldUa3l0VEhYcDEvaE9XYzdhTXVpckxGR0ZzNi9BNzFaY2M5WGJjeWhFcUovc2UveVJqNlJjeDdrT1BjClAwZzU1WnQ5bTdBaHlMclRKaWdlOVNtZ0JBUmUxRGVZQzJRcHRlK3hFekNxTkJGdU9seDlZTzdwc1ZEQWdNakcKS3JVV0hFSmJ0SkxZT3Y0dVFFWG1wN3lTL1Jvd1paMlNKNEFaVzVNRFB2MGhJb2xaNTIrbzMxR0NIbmowcTM2SApidnM3MzYrLzY3dUlzRmxKOFRiWGVjN2oxVEZEYlp3UlorUkdmb2lhK0d4ZVFwdUxZMDVENGlmQlFmcGswRDA2ClY4bkkzempuV1JubWZpWjRWamlDelN5OFUxdXJYQXRwVmtBZU5MaTBvWWF3M3ZJMldWUkVNMVpNaWtmVCt3N0sKTktRdnRXM0FSOFlLMitjVmpFT3dpNkpyU2VXaEpOVHRsbHJ1N0dSakFZd2lBRlcySm8yQUpEQXJHcnVXSGgwagppWExMeURkSS9xd3NveGZsSGxMZUFMQTI0VHN3RzVGVGZ6T0tjVzk2QVZRUXZvd1dtOWlubDBEakJ0ZzdjWEFwCno3YTBsa2hoYk5EeG54VDBpeUw0bloySHJCSmVsdnlRR1lFN0ZvaUxCR3ZWMEhDMEJCZFQwMUpNWlYxTVlHTHAKUlYvV1dYd2w3NDZHT1djZzJMVU1OVHpSa0JsUmE4djNXWU1qV0NsWkkrZHd3cjZpZ2FWdWRNdkcwWVovbnUyQgplSUZnL2xHRk9FNldkT2dNTWltaTVlOWl1dXpzWFBlbDhESkdOR2l6bnArL21rM205UUtDQVFFQXpKOXJyZCtVCkZOU0JrK0pTSEw2NmYvTUZJRFZ2RXIvWXJubWVNMit0bE8yQlk0cEtxUHBCSm5MVXVQdUNRa3N4enZJaDlnbjUKQTJyNkZkRk5rZnFiRW5YUnZYZm1wZUd0MmxxQmhCK3U5SFltSXBSdHFtQ3hQQUdZenJoanlCT0JGYXJJazlJdgpLUTNwVjcyekgvdzhEL2I1TWJjL1JkK1JKcHRNRHYzSGx3VjVsSVZ4U1ZxMjg5YmtCS3ZPQVpOQjExcnBVb2kxCnlGOEQ3VkhVRCtaTzJCWmhtVnVDZ05LVUtUeGdOOUtaMm10ZTF6SEJKWXdyTEp2UTZ0dXlDMkFVL3FGU205bEEKZFU0Y0tmdHl4NnpJNnJQa1RIZVRCN2gzaTNyZXlPY1R3eHJTdnhVK3JsbkIrTXYyRjVLRnhNRExsdG54emc0awozUnY0SGNNbTBTM2ZuUUtDQVFFQStQUm9Rb29nNkM5RVJoYzA1S2orTmZxVTRtN1JOV0xaUTdBZHZUaGI1bGVjCnJUQ25CU1llVlROZjZYTVNhVnIzQktRL04rWWlkMGN1TW9ZcWl4d0U3d0NyVnRzVFR4SzFUUm5yL2R1OGFwNWsKUGEzb3k1RnpJQzFkSThsVExCdk90ci93U2UvNUoxbDdFc0dpTVE3cUZxb0hQOE9WM2pUd1VzWUZrZmVjZGxDawpDQUloVm43Sno5elZCUjJnWWQ1UWUvOHhkSWhiSk50Y0VsQ1lqb0VnTzU5N3NHeTY3U09Wc3JzU2pCZ21ZNXNmClBIamxIdkplNFMxUllCSFg2SlNDL0ZGVWxnUTZ5N1V5bXUzVUdIUGMrS1ZCd2MrVnRacWVVN3FrbWlqQklMVXQKZGlCSk1xbGlIZ2ptY3hNTGg4NWJodHl1V0xzckVqd2tDUW9LMWNCWVpRS0NBUUJxUkFTVTJMNjdqcHo0b3htSApxaG1LNXpkclFiUzhaUHR2cU9OYXpRMjFnUjZvQmlLOTNMRkcrVzIxMzVBSFE2dkxVSDRJbTZkQmVpWUVmSjB2ClNabU5IYmplRDgydHFpVXlkN3c1VkliMG1BTTRCQ05yenlsY0EyeExOd0ZDMzdZeS9XMkxMeVdreVgrOFBGMHgKS0RvOUJFTG42Y1duVVBLOXZQcmo4akhjSVZEQnJBZG9VLzhkWlNVbnM5MlpmZE04dHc3aStQS0c2NmxMYnlxVgpVMEx3LzdhU0FTOG1IYllxTUJ1OEFkZzYwWFlBaGV0THg1NklYU2REUVBNVzYwQWIrTVhCQUROMGVDc3lOazZtCm1mb0J3WWkzbVlXM0JicTNxZ2pYQndLQldZWEhESTV2MTFkZ0VQUnR5MzlDN2VrTkg0UnZRWE10alIvdXZQR0UKd3JFVkFvSUJBR2xkUDVjUjBOV1QwNmg2ZitkYTRxUkQxcWx5ejFaeDdKUXFRSnZwODNNc2wySHhXbTdpY0NvTgpJVVd6YnhKcDdtdm5lOTRUcDNpbUJwWlpsRDNsOE95YWN1bkN0SXhkMVorNUhka0dHOXRnQi9yVzFOVDdUU2RNCks4Uk9tOFhxU3ZXcmpHNHVnMXUxRWxLZzR4MHlPNzYxM1hXT09LcWY2eXFOSnFSZGtMbStiWDM2TU5QanUxUWYKR1lVZHdkaEo5L1JTMEVLS3gxQjFDcVd4dUs5dlZRNEc5Smw1bXk5c1JSb3M5SytZTlA4cEV2Sk1GR1NobmFoZAp2cmdUTlRiNVMrcXdIVVdVcXJHMmthRmlrTVo4bXdRZEpSUjYzOWpKaE1MWkZuc3NUbmlpVlloT0o4eXFSWjJDCmxNNFZQR2NRM2tuWXNtMVpZZVJJMGRPRmpZcGo2c1VDZ2dFQUFWcEdmM1ZzWStrSTh3QUx4WTR6Mk04N2pDaGgKUkg4d0hJT1JOQWNXeTV5L2hPZE40aERBTUFUSXgzS243ck81SUpvYjNWbnNGb1UrSXFRVmZNbzZHTUVSSUt3cwovMGRleWdXSW4xQVJySmhOUUlOMGtSc1BvSkZvcVRHbzZ2aDVFcU04dGxJcXRnbkR5WUVIc2xjb1FmYWppSk9aCktsVGJPQ3FoNHgyVEVpYmFQV1A0TWZhdXB5NmxZYU1LZGtIWUZ1WUFHLy9OOWlIOVJkbmRRRE5PZllzdExSbncKaVVkVDVZUHVXc3hHdm5MWmZ5ZUdmb3pvaTNxUGF2bTQyK1crU1Bza3VFZDMxeDFTN1hqWGw3bFh2cE4yUmNybwpNZGc1cnZDTnpMU3NnTFdmUXhpMVR1NUVQa0NxU21hWmZKQnNNbEh5QWJEMWI2RWREb1h6R01Zdi9BPT0KLS0tLS1FTkQgUlNBIFBSSVZBVEUgS0VZLS0tLS0K",
                "cluster_ca_certificate": "LS0tLS1CRUdJTiBDRVJUSUZJQ0FURS0tLS0tCk1JSUU2VENDQXRHZ0F3SUJBZ0lSQUpTOXNERm1XZGdUU3ZrdExtUUR1VkF3RFFZSktvWklodmNOQVFFTEJRQXcKRFRFTE1Ba0dBMVVFQXhNQ1kyRXdJQmNOTWpVd09UQTJNVE16T1RJMVdoZ1BNakExTlRBNU1EWXhNelE1TWpWYQpNQTB4Q3pBSkJnTlZCQU1UQW1OaE1JSUNJakFOQmdrcWhraUc5dzBCQVFFRkFBT0NBZzhBTUlJQ0NnS0NBZ0VBCnh6Qmg3VHdMR3BaT2xIVlRDOGpzVDYwRHRLa3JKcVJialIybmpoZkJibXZoNHFBZDVzQ29MWnJZem16c0VtOEsKMDU1anR2Qm9JRjJ1cEdnS053OS9qWXRTdWw5UkhORGpsOS9uYWJMRXVNNFFTK3EwUFB5VzFhVmkyUXB1TWNIcApvTEpQbDZ1cDdRaWpnUC9FRVppcURiNHJHSTNHb01rQ1pzVnAxY0o1d3QwcnVoZ1VHS3FUN2ZkcGQyZElqK2xhCmJ0a2RWb0pmaFc2VmtxdlZLWmlHL2tpQVZpa3ZvdTJGMXJKZU9QdWtwbWtNQ2Y2d1c1Q2RyS3BTdW4rYUhnUDQKUnJWNG5EWmxwY2JHZ2YrN29OOCtxVmd2YkRUblg1UXdPU3BGdEQ0K1g4VWxaV0ZBQWFGVENPT0FnMTV6TlF2RwphdTBLNWtycEtqd0Z4Tkt3RitJOEdGSmh5QUZRYnBZQWxnaTk4UUlDU3V4eG1wb2RhczlYSXhjSTN0SXVxcWZaClU2enVlS1JpbjhpQm5TdDVsQ0E5Q0E0R1lZMWhwcEFlYmlZMk5CTFVQS1FLWDlyVVRsWnFtZEpGZGUyMEtVRjIKSUNoYlA3U1Q4OTJ6amdSRkpIblNqallpRkdETDFQSy9DREYwRUkyYlcyeUNrclkwNXFQSkR5bHdMT29ZeHpxeApDN01DYUU5Z05GR3gwZUd2bTUrR1ZnMVdVWGpVRVFSSmZXRTdtNjVQeFBYdzB4d2UrWkNIUmltcFZiMWpHZTNrCkxHay9BVFc0RjVCc1ZSNFRDZHN5VnpKaGVQWXA0S2loZ0RxeWJRQ1Z0QzBEZEpnVWJ2cHZvZTk5dW1aalVtYXoKL3pHUUtZQjJTYnJVN3N3MWJVcFJHbXZXVC85SzFUZkVZcWRkM25xalNjRUNBd0VBQWFOQ01FQXdEZ1lEVlIwUApBUUgvQkFRREFnS2tNQThHQTFVZEV3RUIvd1FGTUFNQkFmOHdIUVlEVlIwT0JCWUVGRVZKZ1ltTGM5WE5nWG1YClhyNVVDN1MxT0xRUU1BMEdDU3FHU0liM0RRRUJDd1VBQTRJQ0FRQnBhY1MwbGlPb1FkLytNMVN4NTNacDNwTGQKZEFYbkNtWUlwaDFWU0ZTeVBHclJvL3krVHFrR2hBOE44TURFNVdLVTNoejJKTThSY1lGb0pUeG9mT1BQcWNLWQpkdHdSWXkyU0JxT3ZPdXZURlRRM0Q1ZGZvQWM3ZEhEZlJQVnNQSXlSZ21NUTQrRk94bGI3YWl6aGNQZHFuVkhoCmVsZFZVR1plVHZBa1ZhUGZXa2hNSmxIWW9EcGNoMjgzNFRUNW9hdlFBYnQrNFlTRDBCbkh6Z2MyNEVFNDdyNFkKT2dOWk5PWjBLMjc2a2xKS1pGanFjdzE4b1E3dGxPMTZCRTVoT3dPczRoOTRzL3FqWXNMa3FSdVBIamhnSjEzYgpDTy9mR2VVaHNTdCtvZ1pOdE5YQllMWWorTGEzZkF4R05CakJVU3UxTVN2SDlGV2s1QU03ckRjR0F2SnRBWnFKCi81Ukd4Q2R1UGdCQzdQQVprWFMxSHYwWkRVYkNORTVZYnM0ZzQ5YUNPM0s3TUNLNVRzRGViSUNYWVpoL0JmK2oKdnBzWlBFVXJVVVdRaW1nRGJCUGhYZXYzdEVOYngzQzJoeFdZZmkzVENxaVN1cU5tdG5LZSttVTlWK0hDM01wMApsZ2lTOTE5bE9KRFJPU29LS3c4Si9LT203cjBSNzgwUmVNcXhnYlJDL1kwTWxXRUgvNFhGS0lFYVJkczk2M3ptCnBZbmxlNThEcVFDV2UybUlHMzdNeDVZMG1tNE9GMjJVODBLWHAzaEM0M3VEOHpzT0E2VGhJUHVlZnJiN2ZlRnIKQnZDSVdwRzBpWjJzbmhPQnFwdlA4M2xrNHRwK0pYVGVlbC8zdHhGNlpwcFNhbUxBS0w0Q1dVQXV4UTZvT2t1QwpTbXRpUTFOUjhMY09wcW5hbnc9PQotLS0tLUVORCBDRVJUSUZJQ0FURS0tLS0tCg==",
                "host": "https://prodaks-5qv5kuu4.hcp.northeurope.azmk8s.io:443",
                "password": "qb0dx7uq0d7scus3w106t81mlpovahq1a2odkfvvdgi7wfn5nthkan68yss7d7i4hsio0ev06r3wr2k348es1d5791nbpacrmue7t9wh9fti9toqgodue2jsis953ilr",
                "username": "clusterUser_prod_cloud_native_app_prod-aks"
              }
            ],
            "kube_config_raw": "apiVersion: v1\nclusters:\n- cluster:\n    certificate-authority-data: LS0tLS1CRUdJTiBDRVJUSUZJQ0FURS0tLS0tCk1JSUU2VENDQXRHZ0F3SUJBZ0lSQUpTOXNERm1XZGdUU3ZrdExtUUR1VkF3RFFZSktvWklodmNOQVFFTEJRQXcKRFRFTE1Ba0dBMVVFQXhNQ1kyRXdJQmNOTWpVd09UQTJNVE16T1RJMVdoZ1BNakExTlRBNU1EWXhNelE1TWpWYQpNQTB4Q3pBSkJnTlZCQU1UQW1OaE1JSUNJakFOQmdrcWhraUc5dzBCQVFFRkFBT0NBZzhBTUlJQ0NnS0NBZ0VBCnh6Qmg3VHdMR3BaT2xIVlRDOGpzVDYwRHRLa3JKcVJialIybmpoZkJibXZoNHFBZDVzQ29MWnJZem16c0VtOEsKMDU1anR2Qm9JRjJ1cEdnS053OS9qWXRTdWw5UkhORGpsOS9uYWJMRXVNNFFTK3EwUFB5VzFhVmkyUXB1TWNIcApvTEpQbDZ1cDdRaWpnUC9FRVppcURiNHJHSTNHb01rQ1pzVnAxY0o1d3QwcnVoZ1VHS3FUN2ZkcGQyZElqK2xhCmJ0a2RWb0pmaFc2VmtxdlZLWmlHL2tpQVZpa3ZvdTJGMXJKZU9QdWtwbWtNQ2Y2d1c1Q2RyS3BTdW4rYUhnUDQKUnJWNG5EWmxwY2JHZ2YrN29OOCtxVmd2YkRUblg1UXdPU3BGdEQ0K1g4VWxaV0ZBQWFGVENPT0FnMTV6TlF2RwphdTBLNWtycEtqd0Z4Tkt3RitJOEdGSmh5QUZRYnBZQWxnaTk4UUlDU3V4eG1wb2RhczlYSXhjSTN0SXVxcWZaClU2enVlS1JpbjhpQm5TdDVsQ0E5Q0E0R1lZMWhwcEFlYmlZMk5CTFVQS1FLWDlyVVRsWnFtZEpGZGUyMEtVRjIKSUNoYlA3U1Q4OTJ6amdSRkpIblNqallpRkdETDFQSy9DREYwRUkyYlcyeUNrclkwNXFQSkR5bHdMT29ZeHpxeApDN01DYUU5Z05GR3gwZUd2bTUrR1ZnMVdVWGpVRVFSSmZXRTdtNjVQeFBYdzB4d2UrWkNIUmltcFZiMWpHZTNrCkxHay9BVFc0RjVCc1ZSNFRDZHN5VnpKaGVQWXA0S2loZ0RxeWJRQ1Z0QzBEZEpnVWJ2cHZvZTk5dW1aalVtYXoKL3pHUUtZQjJTYnJVN3N3MWJVcFJHbXZXVC85SzFUZkVZcWRkM25xalNjRUNBd0VBQWFOQ01FQXdEZ1lEVlIwUApBUUgvQkFRREFnS2tNQThHQTFVZEV3RUIvd1FGTUFNQkFmOHdIUVlEVlIwT0JCWUVGRVZKZ1ltTGM5WE5nWG1YClhyNVVDN1MxT0xRUU1BMEdDU3FHU0liM0RRRUJDd1VBQTRJQ0FRQnBhY1MwbGlPb1FkLytNMVN4NTNacDNwTGQKZEFYbkNtWUlwaDFWU0ZTeVBHclJvL3krVHFrR2hBOE44TURFNVdLVTNoejJKTThSY1lGb0pUeG9mT1BQcWNLWQpkdHdSWXkyU0JxT3ZPdXZURlRRM0Q1ZGZvQWM3ZEhEZlJQVnNQSXlSZ21NUTQrRk94bGI3YWl6aGNQZHFuVkhoCmVsZFZVR1plVHZBa1ZhUGZXa2hNSmxIWW9EcGNoMjgzNFRUNW9hdlFBYnQrNFlTRDBCbkh6Z2MyNEVFNDdyNFkKT2dOWk5PWjBLMjc2a2xKS1pGanFjdzE4b1E3dGxPMTZCRTVoT3dPczRoOTRzL3FqWXNMa3FSdVBIamhnSjEzYgpDTy9mR2VVaHNTdCtvZ1pOdE5YQllMWWorTGEzZkF4R05CakJVU3UxTVN2SDlGV2s1QU03ckRjR0F2SnRBWnFKCi81Ukd4Q2R1UGdCQzdQQVprWFMxSHYwWkRVYkNORTVZYnM0ZzQ5YUNPM0s3TUNLNVRzRGViSUNYWVpoL0JmK2oKdnBzWlBFVXJVVVdRaW1nRGJCUGhYZXYzdEVOYngzQzJoeFdZZmkzVENxaVN1cU5tdG5LZSttVTlWK0hDM01wMApsZ2lTOTE5bE9KRFJPU29LS3c4Si9LT203cjBSNzgwUmVNcXhnYlJDL1kwTWxXRUgvNFhGS0lFYVJkczk2M3ptCnBZbmxlNThEcVFDV2UybUlHMzdNeDVZMG1tNE9GMjJVODBLWHAzaEM0M3VEOHpzT0E2VGhJUHVlZnJiN2ZlRnIKQnZDSVdwRzBpWjJzbmhPQnFwdlA4M2xrNHRwK0pYVGVlbC8zdHhGNlpwcFNhbUxBS0w0Q1dVQXV4UTZvT2t1QwpTbXRpUTFOUjhMY09wcW5hbnc9PQotLS0tLUVORCBDRVJUSUZJQ0FURS0tLS0tCg==\n    server: https://prodaks-5qv5kuu4.hcp.northeurope.azmk8s.io:443\n  name: prod-aks\ncontexts:\n- context:\n    cluster: prod-aks\n    user: clusterUser_prod_cloud_native_app_prod-aks\n  name: prod-aks\ncurrent-context: prod-aks\nkind: Config\npreferences: {}\nusers:\n- name: clusterUser_prod_cloud_native_app_prod-aks\n  user:\n    client-certificate-data: LS0tLS1CRUdJTiBDRVJUSUZJQ0FURS0tLS0tCk1JSUZIVENDQXdXZ0F3SUJBZ0lRQkt0SDhpNFlFaktKak9aZWFoTUpRREFOQmdrcWhraUc5dzBCQVFzRkFEQU4KTVFzd0NRWURWUVFERXdKallUQWVGdzB5TlRBNU1EWXhNek01TWpWYUZ3MHlOekE1TURZeE16UTVNalZhTURBeApGekFWQmdOVkJBb1REbk41YzNSbGJUcHRZWE4wWlhKek1SVXdFd1lEVlFRREV3eHRZWE4wWlhKamJHbGxiblF3CmdnSWlNQTBHQ1NxR1NJYjNEUUVCQVFVQUE0SUNEd0F3Z2dJS0FvSUNBUURHL2N1WkJaRXdpUFprODZaZ2FqaGgKcXlzcmlHeEJtM0tUR0pNZnBHeTJ4cW5kazlQaktDWkYwaVY5YTJieUgydGlPVFdBNUovYk0yOHZPNGxuWm52cQpLeUxzTHovSzVCak1MaEJSakoxL2xJSmY0U2pVZnpxb2QybHg0MStOS1BMVFREMUMrT285R1lSSXZyaXRWSjRUCmJ5a3pvM0lVMkRuNGVhTSsvSUV0dVRraE1uQ1RnQWFMOUhyM2J0Q3JxbXFoU2M1L1JnMW9tN3huUytDR3VDb2sKdmFYMzNrNG9NaDMzRjNmRVNxZTByWlBkVjNWUHJla29RZEZtU1RLQllTRHdZejd6TjYydUJOU3lVTWN1dVZIVApvUWlsOWhPQS8rYW1Lcy9XKzYrZ0FQQVM5ZW43Q3dRMWJubmRKZW53aGtQZ05aNmlkM1oxVDhmQnUyUXpSY3RaCmoxckF5OFF3ck83SWFVZ21IZVNYWWFNS24raVpieXdKS1FhRlczaFpzZGlMb1pHZEUvWklKdUlVZkRWbjhBOXYKbUZiMzdGeG5mV01hdWREbmRGYzhkQlJ4SjB1TlFYMndXdlk1WHdRRjIwNXEvTS91ZlZJcHZnZWFkc3dIcTl2eQo4TzhjY2xrekZyN1hDNHV3L1A0M3hLU096THByRjd0RW1JK0d6QzVwUUJDQ0RNN1lXamlLcFBYdjVZNzFyKzE3Cml1dzFUU2JnWmJxeXZwWFNsaEZ6K3BwUjRuYSthQVFlZmVuZGVyTU1wZnNiSW9QbzYrTVZQWDA0cVVTV0JtOGEKT0lPV2F1SktxaXhRN0gyZEpBR2JyYzc1V250QzBDc1ZobzdaTWZYU2Q2ZUozNkZUUVF0SCt3YlpiZFErTHZncQp2Zy9XM3daaEY0K3ZCMEhQb3JjdzhRSURBUUFCbzFZd1ZEQU9CZ05WSFE4QkFmOEVCQU1DQmFBd0V3WURWUjBsCkJBd3dDZ1lJS3dZQkJRVUhBd0l3REFZRFZSMFRBUUgvQkFJd0FEQWZCZ05WSFNNRUdEQVdnQlJGU1lHSmkzUFYKellGNWwxNitWQXUwdFRpMEVEQU5CZ2txaGtpRzl3MEJBUXNGQUFPQ0FnRUFXYWZ6bm04SWxmc1EybTNGT2NBSwpnSWlWMFExNTIwYjd5a2tGZzdZQXdQcjArUjB5SHl3bytISkYwN2ZIb3J4NHgrU0RpejhJL1BvKzV4S001R3RWCkRRWllRRzRZMDhONGRoWTFaN2NuUGtWSzY5V3lwUlU2RlZJenQrem1iampuSjZLKzRJbHNad3lsakV5ayswNjAKdUMrMGpTN25TSHBBN3grTThpdEFaQ2lJZkc0QWpwbjlZNytwSlhBcXhHcTROVXA5QzBOSzk4dkN1TmIzc3V4Two1UmtDNU94WWlnNko2MWF1ZjdjK2dBc0ZJdHdnU1NlR3R0aEJJb1puK05zRlhVODA3Qi9yL3c2TEtPb2FNVzhDClNBVjZLNlU0clFPVW9NU2VGei9HNGh3ejlJekZTYm1iTUdFWnZHSEJSM1NUSWZRa2JqbVU3OG9DV3gxeGU5dXMKMzlvTHFUbFIzR3FLN3VnVHBHc296aVJrWENIU2hhYk44RHNDQTk4MnBiYXZCbEIyRytjRG1oT2pIM01hWnozKwpvaHJZTHozMW9aUEtpREJNNkVHU0hEYVBRVHM1cU5veDUzNTNXZjdLNGlMSEE4OUZSamJzVFdNZCtFbnZycjdSCnMrT1ZnWVVJZlh6SDc2SENqL0xoek92ZWZmUStPNDQ5c09kQ2JBS2FiVDJLaDd1VlhFQllWVWpINEdFaUMxV1AKckpkK254RnprTjh4cUNFUmdGekpOOUlvaWtnR2o3d3k1Y0JTdDdTbVMxZGx3WUFqMlhiUll6UTVtN2ZzNERLRgoxTzBnMEgreXNuQXVEenlzUmtXa29FL0sxbEw1WmxzY21QNjdyVG9HK3ZjRnA1VXhGb1ZVb2xXRmRXMmNPUE5ICmJkM1JVVlhQbUhXcTAvOG5sWWJ4T1RFPQotLS0tLUVORCBDRVJUSUZJQ0FURS0tLS0tCg==\n    client-key-data: LS0tLS1CRUdJTiBSU0EgUFJJVkFURSBLRVktLS0tLQpNSUlKSndJQkFBS0NBZ0VBeHYzTG1RV1JNSWoyWlBPbVlHbzRZYXNySzRoc1FadHlreGlUSDZSc3RzYXAzWlBUCjR5Z21SZElsZld0bThoOXJZamsxZ09TZjJ6TnZMenVKWjJaNzZpc2k3QzgveXVRWXpDNFFVWXlkZjVTQ1grRW8KMUg4NnFIZHBjZU5malNqeTAwdzlRdmpxUFJtRVNMNjRyVlNlRTI4cE02TnlGTmc1K0htalB2eUJMYms1SVRKdwprNEFHaS9SNjkyN1FxNnBxb1VuT2YwWU5hSnU4WjB2Z2hyZ3FKTDJsOTk1T0tESWQ5eGQzeEVxbnRLMlQzVmQxClQ2M3BLRUhSWmtreWdXRWc4R00rOHpldHJnVFVzbERITHJsUjA2RUlwZllUZ1AvbXBpclAxdnV2b0FEd0V2WHAKK3dzRU5XNTUzU1hwOElaRDREV2VvbmQyZFUvSHdidGtNMFhMV1k5YXdNdkVNS3p1eUdsSUpoM2tsMkdqQ3AvbwptVzhzQ1NrR2hWdDRXYkhZaTZHUm5SUDJTQ2JpRkh3MVovQVBiNWhXOSt4Y1ozMWpHcm5RNTNSWFBIUVVjU2RMCmpVRjlzRnIyT1Y4RUJkdE9hdnpQN24xU0tiNEhtbmJNQjZ2Yjh2RHZISEpaTXhhKzF3dUxzUHorTjhTa2pzeTYKYXhlN1JKaVBoc3d1YVVBUWdnek8yRm80aXFUMTcrV085YS90ZTRyc05VMG00R1c2c3I2VjBwWVJjL3FhVWVKMgp2bWdFSG4zcDNYcXpES1g3R3lLRDZPdmpGVDE5T0tsRWxnWnZHamlEbG1yaVNxb3NVT3g5blNRQm02M08rVnA3ClF0QXJGWWFPMlRIMTBuZW5pZCtoVTBFTFIvc0cyVzNVUGk3NEtyNFAxdDhHWVJlUHJ3ZEJ6NkszTVBFQ0F3RUEKQVFLQ0FnQUdyTVlLN3FiVEZla05qWXp4YlJuclhURGMrVGVVMEFJRFZEN0FXWjdkVnVPTGY0N2tvZ1dYMW5ybgpXM1pKbldUa3l0VEhYcDEvaE9XYzdhTXVpckxGR0ZzNi9BNzFaY2M5WGJjeWhFcUovc2UveVJqNlJjeDdrT1BjClAwZzU1WnQ5bTdBaHlMclRKaWdlOVNtZ0JBUmUxRGVZQzJRcHRlK3hFekNxTkJGdU9seDlZTzdwc1ZEQWdNakcKS3JVV0hFSmJ0SkxZT3Y0dVFFWG1wN3lTL1Jvd1paMlNKNEFaVzVNRFB2MGhJb2xaNTIrbzMxR0NIbmowcTM2SApidnM3MzYrLzY3dUlzRmxKOFRiWGVjN2oxVEZEYlp3UlorUkdmb2lhK0d4ZVFwdUxZMDVENGlmQlFmcGswRDA2ClY4bkkzempuV1JubWZpWjRWamlDelN5OFUxdXJYQXRwVmtBZU5MaTBvWWF3M3ZJMldWUkVNMVpNaWtmVCt3N0sKTktRdnRXM0FSOFlLMitjVmpFT3dpNkpyU2VXaEpOVHRsbHJ1N0dSakFZd2lBRlcySm8yQUpEQXJHcnVXSGgwagppWExMeURkSS9xd3NveGZsSGxMZUFMQTI0VHN3RzVGVGZ6T0tjVzk2QVZRUXZvd1dtOWlubDBEakJ0ZzdjWEFwCno3YTBsa2hoYk5EeG54VDBpeUw0bloySHJCSmVsdnlRR1lFN0ZvaUxCR3ZWMEhDMEJCZFQwMUpNWlYxTVlHTHAKUlYvV1dYd2w3NDZHT1djZzJMVU1OVHpSa0JsUmE4djNXWU1qV0NsWkkrZHd3cjZpZ2FWdWRNdkcwWVovbnUyQgplSUZnL2xHRk9FNldkT2dNTWltaTVlOWl1dXpzWFBlbDhESkdOR2l6bnArL21rM205UUtDQVFFQXpKOXJyZCtVCkZOU0JrK0pTSEw2NmYvTUZJRFZ2RXIvWXJubWVNMit0bE8yQlk0cEtxUHBCSm5MVXVQdUNRa3N4enZJaDlnbjUKQTJyNkZkRk5rZnFiRW5YUnZYZm1wZUd0MmxxQmhCK3U5SFltSXBSdHFtQ3hQQUdZenJoanlCT0JGYXJJazlJdgpLUTNwVjcyekgvdzhEL2I1TWJjL1JkK1JKcHRNRHYzSGx3VjVsSVZ4U1ZxMjg5YmtCS3ZPQVpOQjExcnBVb2kxCnlGOEQ3VkhVRCtaTzJCWmhtVnVDZ05LVUtUeGdOOUtaMm10ZTF6SEJKWXdyTEp2UTZ0dXlDMkFVL3FGU205bEEKZFU0Y0tmdHl4NnpJNnJQa1RIZVRCN2gzaTNyZXlPY1R3eHJTdnhVK3JsbkIrTXYyRjVLRnhNRExsdG54emc0awozUnY0SGNNbTBTM2ZuUUtDQVFFQStQUm9Rb29nNkM5RVJoYzA1S2orTmZxVTRtN1JOV0xaUTdBZHZUaGI1bGVjCnJUQ25CU1llVlROZjZYTVNhVnIzQktRL04rWWlkMGN1TW9ZcWl4d0U3d0NyVnRzVFR4SzFUUm5yL2R1OGFwNWsKUGEzb3k1RnpJQzFkSThsVExCdk90ci93U2UvNUoxbDdFc0dpTVE3cUZxb0hQOE9WM2pUd1VzWUZrZmVjZGxDawpDQUloVm43Sno5elZCUjJnWWQ1UWUvOHhkSWhiSk50Y0VsQ1lqb0VnTzU5N3NHeTY3U09Wc3JzU2pCZ21ZNXNmClBIamxIdkplNFMxUllCSFg2SlNDL0ZGVWxnUTZ5N1V5bXUzVUdIUGMrS1ZCd2MrVnRacWVVN3FrbWlqQklMVXQKZGlCSk1xbGlIZ2ptY3hNTGg4NWJodHl1V0xzckVqd2tDUW9LMWNCWVpRS0NBUUJxUkFTVTJMNjdqcHo0b3htSApxaG1LNXpkclFiUzhaUHR2cU9OYXpRMjFnUjZvQmlLOTNMRkcrVzIxMzVBSFE2dkxVSDRJbTZkQmVpWUVmSjB2ClNabU5IYmplRDgydHFpVXlkN3c1VkliMG1BTTRCQ05yenlsY0EyeExOd0ZDMzdZeS9XMkxMeVdreVgrOFBGMHgKS0RvOUJFTG42Y1duVVBLOXZQcmo4akhjSVZEQnJBZG9VLzhkWlNVbnM5MlpmZE04dHc3aStQS0c2NmxMYnlxVgpVMEx3LzdhU0FTOG1IYllxTUJ1OEFkZzYwWFlBaGV0THg1NklYU2REUVBNVzYwQWIrTVhCQUROMGVDc3lOazZtCm1mb0J3WWkzbVlXM0JicTNxZ2pYQndLQldZWEhESTV2MTFkZ0VQUnR5MzlDN2VrTkg0UnZRWE10alIvdXZQR0UKd3JFVkFvSUJBR2xkUDVjUjBOV1QwNmg2ZitkYTRxUkQxcWx5ejFaeDdKUXFRSnZwODNNc2wySHhXbTdpY0NvTgpJVVd6YnhKcDdtdm5lOTRUcDNpbUJwWlpsRDNsOE95YWN1bkN0SXhkMVorNUhka0dHOXRnQi9yVzFOVDdUU2RNCks4Uk9tOFhxU3ZXcmpHNHVnMXUxRWxLZzR4MHlPNzYxM1hXT09LcWY2eXFOSnFSZGtMbStiWDM2TU5QanUxUWYKR1lVZHdkaEo5L1JTMEVLS3gxQjFDcVd4dUs5dlZRNEc5Smw1bXk5c1JSb3M5SytZTlA4cEV2Sk1GR1NobmFoZAp2cmdUTlRiNVMrcXdIVVdVcXJHMmthRmlrTVo4bXdRZEpSUjYzOWpKaE1MWkZuc3NUbmlpVlloT0o4eXFSWjJDCmxNNFZQR2NRM2tuWXNtMVpZZVJJMGRPRmpZcGo2c1VDZ2dFQUFWcEdmM1ZzWStrSTh3QUx4WTR6Mk04N2pDaGgKUkg4d0hJT1JOQWNXeTV5L2hPZE40aERBTUFUSXgzS243ck81SUpvYjNWbnNGb1UrSXFRVmZNbzZHTUVSSUt3cwovMGRleWdXSW4xQVJySmhOUUlOMGtSc1BvSkZvcVRHbzZ2aDVFcU04dGxJcXRnbkR5WUVIc2xjb1FmYWppSk9aCktsVGJPQ3FoNHgyVEVpYmFQV1A0TWZhdXB5NmxZYU1LZGtIWUZ1WUFHLy9OOWlIOVJkbmRRRE5PZllzdExSbncKaVVkVDVZUHVXc3hHdm5MWmZ5ZUdmb3pvaTNxUGF2bTQyK1crU1Bza3VFZDMxeDFTN1hqWGw3bFh2cE4yUmNybwpNZGc1cnZDTnpMU3NnTFdmUXhpMVR1NUVQa0NxU21hWmZKQnNNbEh5QWJEMWI2RWREb1h6R01Zdi9BPT0KLS0tLS1FTkQgUlNBIFBSSVZBVEUgS0VZLS0tLS0K\n    token: qb0dx7uq0d7scus3w106t81mlpovahq1a2odkfvvdgi7wfn5nthkan68yss7d7i4hsio0ev06r3wr2k348es1d5791nbpacrmue7t9wh9fti9toqgodue2jsis953ilr\n",
            "kubelet_identity": [
              {
                "client_id": "82e59958-3b35-410f-8b02-11701054bf36",
                "object_id": "21df7830-3780-4da3-841d-18f65d036eba",
                "user_assigned_identity_id": "/subscriptions/453fff99-3dc5-43fe-8c3d-92600fc84416/resourceGroups/MC_prod_cloud_native_app_prod-aks_northeurope/providers/Microsoft.ManagedIdentity/userAssignedIdentities/prod-aks-agentpool"
              }
            ],
            "kubernetes_version": "1.32",
            "linux_profile": [],
            "local_account_disabled": false,
            "location": "northeurope",
            "maintenance_window": [],
            "maintenance_window_auto_upgrade": [],
            "maintenance_window_node_os": [],
            "microsoft_defender": [],
            "monitor_metrics": [],
            "name": "prod-aks",
            "network_profile": [
              {
                "dns_service_ip": "10.1.0.10",
                "ip_versions": [
                  "IPv4"
                ],
                "load_balancer_profile": [
                  {
                    "backend_pool_type": "NodeIPConfiguration",
                    "effective_outbound_ips": [
                      "/subscriptions/453fff99-3dc5-43fe-8c3d-92600fc84416/resourceGroups/MC_prod_cloud_native_app_prod-aks_northeurope/providers/Microsoft.Network/publicIPAddresses/278e6560-01e3-4aa3-9e31-f0d4c3b334a5"
                    ],
                    "idle_timeout_in_minutes": 0,
                    "managed_outbound_ip_count": 1,
                    "managed_outbound_ipv6_count": 0,
                    "outbound_ip_address_ids": [],
                    "outbound_ip_prefix_ids": [],
                    "outbound_ports_allocated": 0
                  }
                ],
                "load_balancer_sku": "standard",
                "nat_gateway_profile": [],
                "network_data_plane": "azure",
                "network_mode": "",
                "network_plugin": "azure",
                "network_plugin_mode": "",
                "network_policy": "",
                "outbound_type": "loadBalancer",
                "pod_cidr": "",
                "pod_cidrs": [],
                "service_cidr": "10.1.0.0/16",
                "service_cidrs": [
                  "10.1.0.0/16"
                ]
              }
            ],
            "node_os_upgrade_channel": "NodeImage",
            "node_resource_group": "MC_prod_cloud_native_app_prod-aks_northeurope",
            "node_resource_group_id": "/subscriptions/453fff99-3dc5-43fe-8c3d-92600fc84416/resourceGroups/MC_prod_cloud_native_app_prod-aks_northeurope",
            "oidc_issuer_enabled": false,
            "oidc_issuer_url": "",
            "oms_agent": [],
            "open_service_mesh_enabled": null,
            "portal_fqdn": "prodaks-5qv5kuu4.portal.hcp.northeurope.azmk8s.io",
            "private_cluster_enabled": false,
            "private_cluster_public_fqdn_enabled": false,
            "private_dns_zone_id": "",
            "private_fqdn": "",
            "resource_group_name": "prod_cloud_native_app",
            "role_based_access_control_enabled": true,
            "run_command_enabled": true,
            "service_mesh_profile": [],
            "service_principal": [],
            "sku_tier": "Free",
            "storage_profile": [],
            "support_plan": "KubernetesOfficial",
            "tags": {
              "Environment": "prod"
            },
            "timeouts": null,
            "upgrade_override": [],
            "web_app_routing": [],
            "windows_profile": [
              {
                "admin_password": "",
                "admin_username": "azureuser",
                "gmsa": [],
                "license": ""
              }
            ],
            "workload_autoscaler_profile": [],
            "workload_identity_enabled": false
          },
          "sensitive_attributes": [
            [
              {
                "type": "get_attr",
                "value": "kube_admin_config"
              }
            ],
            [
              {
                "type": "get_attr",
                "value": "kube_admin_config_raw"
              }
            ],
            [
              {
                "type": "get_attr",
                "value": "kube_config"
              }
            ],
            [
              {
                "type": "get_attr",
                "value": "kube_config_raw"
              }
            ],
            [
              {
                "type": "get_attr",
                "value": "windows_profile"
              },
              {
                "type": "index",
                "value": {
                  "value": 0,
                  "type": "number"
                }
              },
              {
                "type": "get_attr",
                "value": "admin_password"
              }
            ]
          ],
          "identity_schema_version": 0,
          "private": "eyJlMmJmYjczMC1lY2FhLTExZTYtOGY4OC0zNDM2M2JjN2M0YzAiOnsiY3JlYXRlIjo1NDAwMDAwMDAwMDAwLCJkZWxldGUiOjU0MDAwMDAwMDAwMDAsInJlYWQiOjMwMDAwMDAwMDAwMCwidXBkYXRlIjo1NDAwMDAwMDAwMDAwfSwic2NoZW1hX3ZlcnNpb24iOiIyIn0=",
          "dependencies": [
            "azurerm_resource_group.infra_rgs",
            "module.prod_identity.azurerm_user_assigned_identity.prod_uasi",
            "module.prod_networking.azurerm_subnet.prod-subnet",
            "module.prod_networking.azurerm_virtual_network.prod-vnet",
            "module.prod_security.azurerm_network_security_group.prod_nsg",
            "module.prod_security.azurerm_subnet_network_security_group_association.prod_nsg_assoc"
          ]
        }
      ]
    },
    {
      "module": "module.prod_iam",
      "mode": "data",
      "type": "azurerm_client_config",
      "name": "current",
      "provider": "provider[\"registry.terraform.io/hashicorp/azurerm\"]",
      "instances": [
        {
          "schema_version": 0,
          "attributes": {
            "client_id": "04b07795-8ddb-461a-bbee-02f9e1bf7b46",
            "id": "Y2xpZW50Q29uZmlncy9jbGllbnRJZD0wNGIwNzc5NS04ZGRiLTQ2MWEtYmJlZS0wMmY5ZTFiZjdiNDY7b2JqZWN0SWQ9M2I2Zjc5MDctZmM4ZC00ZjdiLTk2MjItNWE1ZDQ5Nzc0MzRhO3N1YnNjcmlwdGlvbklkPTQ1M2ZmZjk5LTNkYzUtNDNmZS04YzNkLTkyNjAwZmM4NDQxNjt0ZW5hbnRJZD1jYTJkMzZlMi1jMmMyLTQ5MzItYjY4My03YTlmMmUwOWIxNjA=",
            "object_id": "3b6f7907-fc8d-4f7b-9622-5a5d4977434a",
            "subscription_id": "453fff99-3dc5-43fe-8c3d-92600fc84416",
            "tenant_id": "ca2d36e2-c2c2-4932-b683-7a9f2e09b160",
            "timeouts": null
          },
          "sensitive_attributes": [],
          "identity_schema_version": 0
        }
      ]
    },
    {
      "module": "module.prod_iam",
      "mode": "managed",
      "type": "azurerm_role_assignment",
      "name": "aks_acr_pull",
      "provider": "provider[\"registry.terraform.io/hashicorp/azurerm\"]",
      "instances": [
        {
          "schema_version": 0,
          "attributes": {
            "condition": "",
            "condition_version": "",
            "delegated_managed_identity_resource_id": "",
            "description": "",
            "id": "/subscriptions/453fff99-3dc5-43fe-8c3d-92600fc84416/resourceGroups/prod_cloud_native_app/providers/Microsoft.ContainerRegistry/registries/prodcontainer/providers/Microsoft.Authorization/roleAssignments/65812962-cc43-e494-6a18-9160575e8099",
            "name": "65812962-cc43-e494-6a18-9160575e8099",
            "principal_id": "8dfaf73c-536d-431b-9edd-66455e508cc8",
            "principal_type": "ServicePrincipal",
            "role_definition_id": "/subscriptions/453fff99-3dc5-43fe-8c3d-92600fc84416/providers/Microsoft.Authorization/roleDefinitions/7f951dda-4ed3-4680-a7ca-43fe172d538d",
            "role_definition_name": "AcrPull",
            "scope": "/subscriptions/453fff99-3dc5-43fe-8c3d-92600fc84416/resourceGroups/prod_cloud_native_app/providers/Microsoft.ContainerRegistry/registries/prodcontainer",
            "skip_service_principal_aad_check": null,
            "timeouts": null
          },
          "sensitive_attributes": [],
          "identity_schema_version": 0,
          "private": "eyJlMmJmYjczMC1lY2FhLTExZTYtOGY4OC0zNDM2M2JjN2M0YzAiOnsiY3JlYXRlIjoxODAwMDAwMDAwMDAwLCJkZWxldGUiOjE4MDAwMDAwMDAwMDAsInJlYWQiOjMwMDAwMDAwMDAwMH19",
          "dependencies": [
            "azurerm_resource_group.infra_rgs",
            "module.prod_acr.azurerm_container_registry.prod_acr",
            "module.prod_acr.azurerm_role_assignment.acr_keyvault_access",
            "module.prod_aks.azurerm_kubernetes_cluster.prod_cluster",
            "module.prod_identity.azurerm_user_assigned_identity.prod_uasi",
            "module.prod_keyvault.azurerm_key_vault.prodkeyvault",
            "module.prod_keyvault.azurerm_key_vault_key.prod_key",
            "module.prod_keyvault.data.azurerm_client_config.current",
            "module.prod_keyvault.random_string.kv_suffix",
            "module.prod_networking.azurerm_subnet.prod-subnet",
            "module.prod_networking.azurerm_virtual_network.prod-vnet",
            "module.prod_security.azurerm_network_security_group.prod_nsg",
            "module.prod_security.azurerm_subnet_network_security_group_association.prod_nsg_assoc"
          ]
        }
      ]
    },
    {
      "module": "module.prod_iam",
      "mode": "managed",
      "type": "azurerm_role_assignment",
      "name": "aks_keyvault_secrets",
      "provider": "provider[\"registry.terraform.io/hashicorp/azurerm\"]",
      "instances": [
        {
          "schema_version": 0,
          "attributes": {
            "condition": "",
            "condition_version": "",
            "delegated_managed_identity_resource_id": "",
            "description": "",
            "id": "/subscriptions/453fff99-3dc5-43fe-8c3d-92600fc84416/resourceGroups/prod_cloud_native_app/providers/Microsoft.KeyVault/vaults/kv-prod-jyp9tq/providers/Microsoft.Authorization/roleAssignments/032c66bd-393d-4d6f-1871-7536710f181d",
            "name": "032c66bd-393d-4d6f-1871-7536710f181d",
            "principal_id": "8dfaf73c-536d-431b-9edd-66455e508cc8",
            "principal_type": "ServicePrincipal",
            "role_definition_id": "/subscriptions/453fff99-3dc5-43fe-8c3d-92600fc84416/providers/Microsoft.Authorization/roleDefinitions/4633458b-17de-408a-b874-0445c86b69e6",
            "role_definition_name": "Key Vault Secrets User",
            "scope": "/subscriptions/453fff99-3dc5-43fe-8c3d-92600fc84416/resourceGroups/prod_cloud_native_app/providers/Microsoft.KeyVault/vaults/kv-prod-jyp9tq",
            "skip_service_principal_aad_check": null,
            "timeouts": null
          },
          "sensitive_attributes": [],
          "identity_schema_version": 0,
          "private": "eyJlMmJmYjczMC1lY2FhLTExZTYtOGY4OC0zNDM2M2JjN2M0YzAiOnsiY3JlYXRlIjoxODAwMDAwMDAwMDAwLCJkZWxldGUiOjE4MDAwMDAwMDAwMDAsInJlYWQiOjMwMDAwMDAwMDAwMH19",
          "dependencies": [
            "azurerm_resource_group.infra_rgs",
            "module.prod_acr.azurerm_container_registry.prod_acr",
            "module.prod_acr.azurerm_role_assignment.acr_keyvault_access",
            "module.prod_aks.azurerm_kubernetes_cluster.prod_cluster",
            "module.prod_identity.azurerm_user_assigned_identity.prod_uasi",
            "module.prod_keyvault.azurerm_key_vault.prodkeyvault",
            "module.prod_keyvault.azurerm_key_vault_key.prod_key",
            "module.prod_keyvault.data.azurerm_client_config.current",
            "module.prod_keyvault.random_string.kv_suffix",
            "module.prod_networking.azurerm_subnet.prod-subnet",
            "module.prod_networking.azurerm_virtual_network.prod-vnet",
            "module.prod_security.azurerm_network_security_group.prod_nsg",
            "module.prod_security.azurerm_subnet_network_security_group_association.prod_nsg_assoc"
          ]
        }
      ]
    },
    {
      "module": "module.prod_iam",
      "mode": "managed",
      "type": "azurerm_role_assignment",
      "name": "aks_node_keyvault_access",
      "provider": "provider[\"registry.terraform.io/hashicorp/azurerm\"]",
      "instances": [
        {
          "schema_version": 0,
          "attributes": {
            "condition": "",
            "condition_version": "",
            "delegated_managed_identity_resource_id": "",
            "description": "",
            "id": "/subscriptions/453fff99-3dc5-43fe-8c3d-92600fc84416/resourceGroups/prod_cloud_native_app/providers/Microsoft.KeyVault/vaults/kv-prod-jyp9tq/providers/Microsoft.Authorization/roleAssignments/70aa54f7-57a6-b756-c654-313ed06e81c8",
            "name": "70aa54f7-57a6-b756-c654-313ed06e81c8",
            "principal_id": "8dfaf73c-536d-431b-9edd-66455e508cc8",
            "principal_type": "ServicePrincipal",
            "role_definition_id": "/subscriptions/453fff99-3dc5-43fe-8c3d-92600fc84416/providers/Microsoft.Authorization/roleDefinitions/21090545-7ca7-4776-b22c-e363652d74d2",
            "role_definition_name": "Key Vault Reader",
            "scope": "/subscriptions/453fff99-3dc5-43fe-8c3d-92600fc84416/resourceGroups/prod_cloud_native_app/providers/Microsoft.KeyVault/vaults/kv-prod-jyp9tq",
            "skip_service_principal_aad_check": null,
            "timeouts": null
          },
          "sensitive_attributes": [],
          "identity_schema_version": 0,
          "private": "eyJlMmJmYjczMC1lY2FhLTExZTYtOGY4OC0zNDM2M2JjN2M0YzAiOnsiY3JlYXRlIjoxODAwMDAwMDAwMDAwLCJkZWxldGUiOjE4MDAwMDAwMDAwMDAsInJlYWQiOjMwMDAwMDAwMDAwMH19",
          "dependencies": [
            "azurerm_resource_group.infra_rgs",
            "module.prod_acr.azurerm_container_registry.prod_acr",
            "module.prod_acr.azurerm_role_assignment.acr_keyvault_access",
            "module.prod_aks.azurerm_kubernetes_cluster.prod_cluster",
            "module.prod_identity.azurerm_user_assigned_identity.prod_uasi",
            "module.prod_keyvault.azurerm_key_vault.prodkeyvault",
            "module.prod_keyvault.azurerm_key_vault_key.prod_key",
            "module.prod_keyvault.data.azurerm_client_config.current",
            "module.prod_keyvault.random_string.kv_suffix",
            "module.prod_networking.azurerm_subnet.prod-subnet",
            "module.prod_networking.azurerm_virtual_network.prod-vnet",
            "module.prod_security.azurerm_network_security_group.prod_nsg",
            "module.prod_security.azurerm_subnet_network_security_group_association.prod_nsg_assoc"
          ]
        }
      ]
    },
    {
      "module": "module.prod_iam",
      "mode": "managed",
      "type": "azurerm_role_assignment",
      "name": "tf_acr_push",
      "provider": "provider[\"registry.terraform.io/hashicorp/azurerm\"]",
      "instances": [
        {
          "schema_version": 0,
          "attributes": {
            "condition": "",
            "condition_version": "",
            "delegated_managed_identity_resource_id": "",
            "description": "",
            "id": "/subscriptions/453fff99-3dc5-43fe-8c3d-92600fc84416/resourceGroups/prod_cloud_native_app/providers/Microsoft.ContainerRegistry/registries/prodcontainer/providers/Microsoft.Authorization/roleAssignments/08d37ea2-589d-f619-943c-c2b4ca253a0f",
            "name": "08d37ea2-589d-f619-943c-c2b4ca253a0f",
            "principal_id": "3b6f7907-fc8d-4f7b-9622-5a5d4977434a",
            "principal_type": "ServicePrincipal",
            "role_definition_id": "/subscriptions/453fff99-3dc5-43fe-8c3d-92600fc84416/providers/Microsoft.Authorization/roleDefinitions/8311e382-0749-4cb8-b61a-304f252e45ec",
            "role_definition_name": "AcrPush",
            "scope": "/subscriptions/453fff99-3dc5-43fe-8c3d-92600fc84416/resourceGroups/prod_cloud_native_app/providers/Microsoft.ContainerRegistry/registries/prodcontainer",
            "skip_service_principal_aad_check": null,
            "timeouts": null
          },
          "sensitive_attributes": [],
          "identity_schema_version": 0,
          "private": "eyJlMmJmYjczMC1lY2FhLTExZTYtOGY4OC0zNDM2M2JjN2M0YzAiOnsiY3JlYXRlIjoxODAwMDAwMDAwMDAwLCJkZWxldGUiOjE4MDAwMDAwMDAwMDAsInJlYWQiOjMwMDAwMDAwMDAwMH19",
          "dependencies": [
            "azurerm_resource_group.infra_rgs",
            "module.prod_acr.azurerm_container_registry.prod_acr",
            "module.prod_acr.azurerm_role_assignment.acr_keyvault_access",
            "module.prod_aks.azurerm_kubernetes_cluster.prod_cluster",
            "module.prod_iam.data.azurerm_client_config.current",
            "module.prod_identity.azurerm_user_assigned_identity.prod_uasi",
            "module.prod_keyvault.azurerm_key_vault.prodkeyvault",
            "module.prod_keyvault.azurerm_key_vault_key.prod_key",
            "module.prod_keyvault.data.azurerm_client_config.current",
            "module.prod_keyvault.random_string.kv_suffix",
            "module.prod_networking.azurerm_subnet.prod-subnet",
            "module.prod_networking.azurerm_virtual_network.prod-vnet",
            "module.prod_security.azurerm_network_security_group.prod_nsg",
            "module.prod_security.azurerm_subnet_network_security_group_association.prod_nsg_assoc"
          ]
        }
      ]
    },
    {
      "module": "module.prod_iam",
      "mode": "managed",
      "type": "azurerm_role_assignment",
      "name": "tf_keyvault_keys_access",
      "provider": "provider[\"registry.terraform.io/hashicorp/azurerm\"]",
      "instances": [
        {
          "schema_version": 0,
          "attributes": {
            "condition": "",
            "condition_version": "",
            "delegated_managed_identity_resource_id": "",
            "description": "",
            "id": "/subscriptions/453fff99-3dc5-43fe-8c3d-92600fc84416/resourceGroups/prod_cloud_native_app/providers/Microsoft.KeyVault/vaults/kv-prod-jyp9tq/providers/Microsoft.Authorization/roleAssignments/6b6b3bd6-9429-3c7c-1696-0a5d6891a2a1",
            "name": "6b6b3bd6-9429-3c7c-1696-0a5d6891a2a1",
            "principal_id": "3b6f7907-fc8d-4f7b-9622-5a5d4977434a",
            "principal_type": "ServicePrincipal",
            "role_definition_id": "/subscriptions/453fff99-3dc5-43fe-8c3d-92600fc84416/providers/Microsoft.Authorization/roleDefinitions/12338af0-0e69-4776-bea7-57ae8d297424",
            "role_definition_name": "Key Vault Crypto User",
            "scope": "/subscriptions/453fff99-3dc5-43fe-8c3d-92600fc84416/resourceGroups/prod_cloud_native_app/providers/Microsoft.KeyVault/vaults/kv-prod-jyp9tq",
            "skip_service_principal_aad_check": null,
            "timeouts": null
          },
          "sensitive_attributes": [],
          "identity_schema_version": 0,
          "private": "eyJlMmJmYjczMC1lY2FhLTExZTYtOGY4OC0zNDM2M2JjN2M0YzAiOnsiY3JlYXRlIjoxODAwMDAwMDAwMDAwLCJkZWxldGUiOjE4MDAwMDAwMDAwMDAsInJlYWQiOjMwMDAwMDAwMDAwMH19",
          "dependencies": [
            "azurerm_resource_group.infra_rgs",
            "module.prod_acr.azurerm_container_registry.prod_acr",
            "module.prod_acr.azurerm_role_assignment.acr_keyvault_access",
            "module.prod_aks.azurerm_kubernetes_cluster.prod_cluster",
            "module.prod_iam.data.azurerm_client_config.current",
            "module.prod_identity.azurerm_user_assigned_identity.prod_uasi",
            "module.prod_keyvault.azurerm_key_vault.prodkeyvault",
            "module.prod_keyvault.azurerm_key_vault_key.prod_key",
            "module.prod_keyvault.data.azurerm_client_config.current",
            "module.prod_keyvault.random_string.kv_suffix",
            "module.prod_networking.azurerm_subnet.prod-subnet",
            "module.prod_networking.azurerm_virtual_network.prod-vnet",
            "module.prod_security.azurerm_network_security_group.prod_nsg",
            "module.prod_security.azurerm_subnet_network_security_group_association.prod_nsg_assoc"
          ]
        }
      ]
    },
    {
      "module": "module.prod_iam",
      "mode": "managed",
      "type": "azurerm_role_assignment",
      "name": "tf_keyvault_secrets_access",
      "provider": "provider[\"registry.terraform.io/hashicorp/azurerm\"]",
      "instances": [
        {
          "schema_version": 0,
          "attributes": {
            "condition": "",
            "condition_version": "",
            "delegated_managed_identity_resource_id": "",
            "description": "",
            "id": "/subscriptions/453fff99-3dc5-43fe-8c3d-92600fc84416/resourceGroups/prod_cloud_native_app/providers/Microsoft.KeyVault/vaults/kv-prod-jyp9tq/providers/Microsoft.Authorization/roleAssignments/eec0d021-1fd7-88c9-1be0-cb492cbbe375",
            "name": "eec0d021-1fd7-88c9-1be0-cb492cbbe375",
            "principal_id": "3b6f7907-fc8d-4f7b-9622-5a5d4977434a",
            "principal_type": "ServicePrincipal",
            "role_definition_id": "/subscriptions/453fff99-3dc5-43fe-8c3d-92600fc84416/providers/Microsoft.Authorization/roleDefinitions/4633458b-17de-408a-b874-0445c86b69e6",
            "role_definition_name": "Key Vault Secrets User",
            "scope": "/subscriptions/453fff99-3dc5-43fe-8c3d-92600fc84416/resourceGroups/prod_cloud_native_app/providers/Microsoft.KeyVault/vaults/kv-prod-jyp9tq",
            "skip_service_principal_aad_check": null,
            "timeouts": null
          },
          "sensitive_attributes": [],
          "identity_schema_version": 0,
          "private": "eyJlMmJmYjczMC1lY2FhLTExZTYtOGY4OC0zNDM2M2JjN2M0YzAiOnsiY3JlYXRlIjoxODAwMDAwMDAwMDAwLCJkZWxldGUiOjE4MDAwMDAwMDAwMDAsInJlYWQiOjMwMDAwMDAwMDAwMH19",
          "dependencies": [
            "azurerm_resource_group.infra_rgs",
            "module.prod_acr.azurerm_container_registry.prod_acr",
            "module.prod_acr.azurerm_role_assignment.acr_keyvault_access",
            "module.prod_aks.azurerm_kubernetes_cluster.prod_cluster",
            "module.prod_iam.data.azurerm_client_config.current",
            "module.prod_identity.azurerm_user_assigned_identity.prod_uasi",
            "module.prod_keyvault.azurerm_key_vault.prodkeyvault",
            "module.prod_keyvault.azurerm_key_vault_key.prod_key",
            "module.prod_keyvault.data.azurerm_client_config.current",
            "module.prod_keyvault.random_string.kv_suffix",
            "module.prod_networking.azurerm_subnet.prod-subnet",
            "module.prod_networking.azurerm_virtual_network.prod-vnet",
            "module.prod_security.azurerm_network_security_group.prod_nsg",
            "module.prod_security.azurerm_subnet_network_security_group_association.prod_nsg_assoc"
          ]
        }
      ]
    },
    {
      "module": "module.prod_identity",
      "mode": "managed",
      "type": "azurerm_user_assigned_identity",
      "name": "prod_uasi",
      "provider": "provider[\"registry.terraform.io/hashicorp/azurerm\"]",
      "instances": [
        {
          "schema_version": 1,
          "attributes": {
            "client_id": "09536be1-93a9-4e3d-a0c4-ea1f35f0b8ba",
            "id": "/subscriptions/453fff99-3dc5-43fe-8c3d-92600fc84416/resourceGroups/prod_cloud_native_app/providers/Microsoft.ManagedIdentity/userAssignedIdentities/prod_user_assigned_identity",
            "location": "northeurope",
            "name": "prod_user_assigned_identity",
            "principal_id": "8dfaf73c-536d-431b-9edd-66455e508cc8",
            "resource_group_name": "prod_cloud_native_app",
            "tags": {},
            "tenant_id": "ca2d36e2-c2c2-4932-b683-7a9f2e09b160",
            "timeouts": null
          },
          "sensitive_attributes": [],
          "identity_schema_version": 0,
          "private": "eyJlMmJmYjczMC1lY2FhLTExZTYtOGY4OC0zNDM2M2JjN2M0YzAiOnsiY3JlYXRlIjoxODAwMDAwMDAwMDAwLCJkZWxldGUiOjE4MDAwMDAwMDAwMDAsInJlYWQiOjMwMDAwMDAwMDAwMCwidXBkYXRlIjoxODAwMDAwMDAwMDAwfSwic2NoZW1hX3ZlcnNpb24iOiIxIn0="
        }
      ]
    },
    {
      "module": "module.prod_keyvault",
      "mode": "data",
      "type": "azurerm_client_config",
      "name": "current",
      "provider": "provider[\"registry.terraform.io/hashicorp/azurerm\"]",
      "instances": [
        {
          "schema_version": 0,
          "attributes": {
            "client_id": "04b07795-8ddb-461a-bbee-02f9e1bf7b46",
            "id": "Y2xpZW50Q29uZmlncy9jbGllbnRJZD0wNGIwNzc5NS04ZGRiLTQ2MWEtYmJlZS0wMmY5ZTFiZjdiNDY7b2JqZWN0SWQ9M2I2Zjc5MDctZmM4ZC00ZjdiLTk2MjItNWE1ZDQ5Nzc0MzRhO3N1YnNjcmlwdGlvbklkPTQ1M2ZmZjk5LTNkYzUtNDNmZS04YzNkLTkyNjAwZmM4NDQxNjt0ZW5hbnRJZD1jYTJkMzZlMi1jMmMyLTQ5MzItYjY4My03YTlmMmUwOWIxNjA=",
            "object_id": "3b6f7907-fc8d-4f7b-9622-5a5d4977434a",
            "subscription_id": "453fff99-3dc5-43fe-8c3d-92600fc84416",
            "tenant_id": "ca2d36e2-c2c2-4932-b683-7a9f2e09b160",
            "timeouts": null
          },
          "sensitive_attributes": [],
          "identity_schema_version": 0
        }
      ]
    },
    {
      "module": "module.prod_keyvault",
      "mode": "managed",
      "type": "azurerm_key_vault",
      "name": "prodkeyvault",
      "provider": "provider[\"registry.terraform.io/hashicorp/azurerm\"]",
      "instances": [
        {
          "schema_version": 2,
          "attributes": {
            "access_policy": [],
            "contact": [],
            "enable_rbac_authorization": true,
            "enabled_for_deployment": false,
            "enabled_for_disk_encryption": true,
            "enabled_for_template_deployment": false,
            "id": "/subscriptions/453fff99-3dc5-43fe-8c3d-92600fc84416/resourceGroups/prod_cloud_native_app/providers/Microsoft.KeyVault/vaults/kv-prod-jyp9tq",
            "location": "northeurope",
            "name": "kv-prod-jyp9tq",
            "network_acls": [
              {
                "bypass": "AzureServices",
                "default_action": "Allow",
                "ip_rules": [],
                "virtual_network_subnet_ids": []
              }
            ],
            "public_network_access_enabled": true,
            "purge_protection_enabled": true,
            "rbac_authorization_enabled": true,
            "resource_group_name": "prod_cloud_native_app",
            "sku_name": "standard",
            "soft_delete_retention_days": 7,
            "tags": {
              "Environment": "prod"
            },
            "tenant_id": "ca2d36e2-c2c2-4932-b683-7a9f2e09b160",
            "timeouts": null,
            "vault_uri": "https://kv-prod-jyp9tq.vault.azure.net/"
          },
          "sensitive_attributes": [],
          "identity_schema_version": 0,
          "private": "eyJlMmJmYjczMC1lY2FhLTExZTYtOGY4OC0zNDM2M2JjN2M0YzAiOnsiY3JlYXRlIjoxODAwMDAwMDAwMDAwLCJkZWxldGUiOjE4MDAwMDAwMDAwMDAsInJlYWQiOjMwMDAwMDAwMDAwMCwidXBkYXRlIjoxODAwMDAwMDAwMDAwfSwic2NoZW1hX3ZlcnNpb24iOiIyIn0=",
          "dependencies": [
            "azurerm_resource_group.infra_rgs",
            "module.prod_keyvault.data.azurerm_client_config.current",
            "module.prod_keyvault.random_string.kv_suffix"
          ]
        }
      ]
    },
    {
      "module": "module.prod_keyvault",
      "mode": "managed",
      "type": "azurerm_key_vault_key",
      "name": "prod_key",
      "provider": "provider[\"registry.terraform.io/hashicorp/azurerm\"]",
      "instances": [
        {
          "schema_version": 0,
          "attributes": {
            "curve": "",
            "e": "AQAB",
            "expiration_date": null,
            "id": "https://kv-prod-jyp9tq.vault.azure.net/keys/prod-acr-key/afc2349415d94613a095c4a2205806b7",
            "key_opts": [
              "encrypt",
              "decrypt",
              "wrapKey",
              "unwrapKey"
            ],
            "key_size": 2048,
            "key_type": "RSA",
            "key_vault_id": "/subscriptions/453fff99-3dc5-43fe-8c3d-92600fc84416/resourceGroups/prod_cloud_native_app/providers/Microsoft.KeyVault/vaults/kv-prod-jyp9tq",
            "n": "vBEXXsXpbV11PHI4NmHErzl0ArwsfHyY35wqEgcZU9C273heCwRyE3PG1GDHn-9bLp7drk2wwc3i8yTL1kAxvmNPJZdMfq0CLPUJuHlqFSrh_rkRJdldxZYJOuEjnqyOWEGouFGoJyyG3hND3K4nf_sxqbmf9LqagS0DUw423bGnAh7aXFavB2Ys5Wa6hs5ZOZWEy_2aPRQG0cHtqIMI9ILWU-1iKKBpUDeuaAUpKFHwtMjrDV0poDEWX7KCPNvprC_PXbRmQyraNyXYDtk_R-tqsSs52Jy7Ox2HRlKcu0hPBRBh4X51tpnjBHNiRydM6OteFFqS88SSIPrPX78vjQ",
            "name": "prod-acr-key",
            "not_before_date": null,
            "public_key_openssh": "ssh-rsa AAAAB3NzaC1yc2EAAAADAQABAAABAQC8ERdexeltXXU8cjg2YcSvOXQCvCx8fJjfnCoSBxlT0LbveF4LBHITc8bUYMef71sunt2uTbDBzeLzJMvWQDG+Y08ll0x+rQIs9Qm4eWoVKuH+uREl2V3Flgk64SOerI5YQai4UagnLIbeE0Pcrid/+zGpuZ/0upqBLQNTDjbdsacCHtpcVq8HZizlZrqGzlk5lYTL/Zo9FAbRwe2ogwj0gtZT7WIooGlQN65oBSkoUfC0yOsNXSmgMRZfsoI82+msL89dtGZDKto3JdgO2T9H62qxKznYnLs7HYdGUpy7SE8FEGHhfnW2meMEc2JHJ0zo614UWpLzxJIg+s9fvy+N\n",
            "public_key_pem": "-----BEGIN PUBLIC KEY-----\nMIIBIjANBgkqhkiG9w0BAQEFAAOCAQ8AMIIBCgKCAQEAvBEXXsXpbV11PHI4NmHE\nrzl0ArwsfHyY35wqEgcZU9C273heCwRyE3PG1GDHn+9bLp7drk2wwc3i8yTL1kAx\nvmNPJZdMfq0CLPUJuHlqFSrh/rkRJdldxZYJOuEjnqyOWEGouFGoJyyG3hND3K4n\nf/sxqbmf9LqagS0DUw423bGnAh7aXFavB2Ys5Wa6hs5ZOZWEy/2aPRQG0cHtqIMI\n9ILWU+1iKKBpUDeuaAUpKFHwtMjrDV0poDEWX7KCPNvprC/PXbRmQyraNyXYDtk/\nR+tqsSs52Jy7Ox2HRlKcu0hPBRBh4X51tpnjBHNiRydM6OteFFqS88SSIPrPX78v\njQIDAQAB\n-----END PUBLIC KEY-----\n",
            "resource_id": "/subscriptions/453fff99-3dc5-43fe-8c3d-92600fc84416/resourceGroups/prod_cloud_native_app/providers/Microsoft.KeyVault/vaults/kv-prod-jyp9tq/keys/prod-acr-key/versions/afc2349415d94613a095c4a2205806b7",
            "resource_versionless_id": "/subscriptions/453fff99-3dc5-43fe-8c3d-92600fc84416/resourceGroups/prod_cloud_native_app/providers/Microsoft.KeyVault/vaults/kv-prod-jyp9tq/keys/prod-acr-key",
            "rotation_policy": [],
            "tags": {},
            "timeouts": null,
            "version": "afc2349415d94613a095c4a2205806b7",
            "versionless_id": "https://kv-prod-jyp9tq.vault.azure.net/keys/prod-acr-key",
            "x": "",
            "y": ""
          },
          "sensitive_attributes": [],
          "identity_schema_version": 0,
          "private": "eyJlMmJmYjczMC1lY2FhLTExZTYtOGY4OC0zNDM2M2JjN2M0YzAiOnsiY3JlYXRlIjoxODAwMDAwMDAwMDAwLCJkZWxldGUiOjE4MDAwMDAwMDAwMDAsInJlYWQiOjE4MDAwMDAwMDAwMDAsInVwZGF0ZSI6MTgwMDAwMDAwMDAwMH19",
          "dependencies": [
            "azurerm_resource_group.infra_rgs",
            "module.prod_keyvault.azurerm_key_vault.prodkeyvault",
            "module.prod_keyvault.data.azurerm_client_config.current",
            "module.prod_keyvault.random_string.kv_suffix"
          ]
        }
      ]
    },
    {
      "module": "module.prod_keyvault",
      "mode": "managed",
      "type": "random_string",
      "name": "kv_suffix",
      "provider": "provider[\"registry.terraform.io/hashicorp/random\"]",
      "instances": [
        {
          "schema_version": 2,
          "attributes": {
            "id": "jyp9tq",
            "keepers": null,
            "length": 6,
            "lower": true,
            "min_lower": 0,
            "min_numeric": 0,
            "min_special": 0,
            "min_upper": 0,
            "number": true,
            "numeric": true,
            "override_special": null,
            "result": "jyp9tq",
            "special": false,
            "upper": false
          },
          "sensitive_attributes": [],
          "identity_schema_version": 0,
          "dependencies": [
            "azurerm_resource_group.infra_rgs"
          ]
        }
      ]
    },
    {
      "module": "module.prod_monitoring",
      "mode": "managed",
      "type": "azurerm_log_analytics_workspace",
      "name": "prod_monitoring",
      "provider": "provider[\"registry.terraform.io/hashicorp/azurerm\"]",
      "instances": [
        {
          "schema_version": 3,
          "attributes": {
            "allow_resource_only_permissions": true,
            "cmk_for_query_forced": false,
            "daily_quota_gb": -1,
            "data_collection_rule_id": "",
            "id": "/subscriptions/453fff99-3dc5-43fe-8c3d-92600fc84416/resourceGroups/prod_cloud_native_app/providers/Microsoft.OperationalInsights/workspaces/prod-monitoring-workspace",
            "identity": [],
            "immediate_data_purge_on_30_days_enabled": false,
            "internet_ingestion_enabled": true,
            "internet_query_enabled": true,
            "local_authentication_disabled": true,
            "local_authentication_enabled": false,
            "location": "northeurope",
            "name": "prod-monitoring-workspace",
            "primary_shared_key": "0RAEM6M1zr6sZDboJKYbHAAXXfj+z3mjO9hmnSQh/Ow6wrYqYKe3C0tqbXYDEGj3fbmSUSseQsNxzyLnUhHxgw==",
            "reservation_capacity_in_gb_per_day": null,
            "resource_group_name": "prod_cloud_native_app",
            "retention_in_days": 30,
            "secondary_shared_key": "HamA07x6kj4WyLpIf7aucUPmf5PkZtECedX9Q5mMA0TBcaMeZ9n11p0NiQffI9a+tzdT3gKBacZ3vZfqfZ8a5g==",
            "sku": "PerGB2018",
            "tags": {
              "Environment": "prod"
            },
            "timeouts": null,
            "workspace_id": "04346937-0c22-4fc9-84b3-a087a1207c23"
          },
          "sensitive_attributes": [
            [
              {
                "type": "get_attr",
                "value": "primary_shared_key"
              }
            ],
            [
              {
                "type": "get_attr",
                "value": "secondary_shared_key"
              }
            ]
          ],
          "identity_schema_version": 0,
          "private": "eyJlMmJmYjczMC1lY2FhLTExZTYtOGY4OC0zNDM2M2JjN2M0YzAiOnsiY3JlYXRlIjoxODAwMDAwMDAwMDAwLCJkZWxldGUiOjE4MDAwMDAwMDAwMDAsInJlYWQiOjMwMDAwMDAwMDAwMCwidXBkYXRlIjoxODAwMDAwMDAwMDAwfSwic2NoZW1hX3ZlcnNpb24iOiIzIn0=",
          "dependencies": [
            "azurerm_resource_group.infra_rgs",
            "module.prod_acr.azurerm_container_registry.prod_acr",
            "module.prod_acr.azurerm_role_assignment.acr_keyvault_access",
            "module.prod_aks.azurerm_kubernetes_cluster.prod_cluster",
            "module.prod_identity.azurerm_user_assigned_identity.prod_uasi",
            "module.prod_keyvault.azurerm_key_vault.prodkeyvault",
            "module.prod_keyvault.azurerm_key_vault_key.prod_key",
            "module.prod_keyvault.data.azurerm_client_config.current",
            "module.prod_keyvault.random_string.kv_suffix",
            "module.prod_networking.azurerm_subnet.prod-subnet",
            "module.prod_networking.azurerm_virtual_network.prod-vnet",
            "module.prod_security.azurerm_network_security_group.prod_nsg",
            "module.prod_security.azurerm_subnet_network_security_group_association.prod_nsg_assoc"
          ]
        }
      ]
    },
    {
      "module": "module.prod_monitoring",
      "mode": "managed",
      "type": "azurerm_monitor_action_group",
      "name": "alerts",
      "provider": "provider[\"registry.terraform.io/hashicorp/azurerm\"]",
      "instances": [
        {
          "schema_version": 1,
          "attributes": {
            "arm_role_receiver": [],
            "automation_runbook_receiver": [],
            "azure_app_push_receiver": [],
            "azure_function_receiver": [],
            "email_receiver": [
              {
                "email_address": "prem@wp.pl",
                "name": "email_receiver",
                "use_common_alert_schema": false
              }
            ],
            "enabled": true,
            "event_hub_receiver": [],
            "id": "/subscriptions/453fff99-3dc5-43fe-8c3d-92600fc84416/resourceGroups/prod_cloud_native_app/providers/Microsoft.Insights/actionGroups/prod-alerts",
            "itsm_receiver": [],
            "location": "global",
            "logic_app_receiver": [],
            "name": "prod-alerts",
            "resource_group_name": "prod_cloud_native_app",
            "short_name": "prod-alerts",
            "sms_receiver": [],
            "tags": {},
            "timeouts": null,
            "voice_receiver": [],
            "webhook_receiver": []
          },
          "sensitive_attributes": [],
          "identity_schema_version": 0,
          "identity": {
            "name": "prod-alerts",
            "resource_group_name": "prod_cloud_native_app",
            "subscription_id": "453fff99-3dc5-43fe-8c3d-92600fc84416"
          },
          "private": "eyJlMmJmYjczMC1lY2FhLTExZTYtOGY4OC0zNDM2M2JjN2M0YzAiOnsiY3JlYXRlIjoxODAwMDAwMDAwMDAwLCJkZWxldGUiOjE4MDAwMDAwMDAwMDAsInJlYWQiOjMwMDAwMDAwMDAwMCwidXBkYXRlIjoxODAwMDAwMDAwMDAwfSwic2NoZW1hX3ZlcnNpb24iOiIxIn0=",
          "dependencies": [
            "azurerm_resource_group.infra_rgs",
            "module.prod_acr.azurerm_container_registry.prod_acr",
            "module.prod_acr.azurerm_role_assignment.acr_keyvault_access",
            "module.prod_aks.azurerm_kubernetes_cluster.prod_cluster",
            "module.prod_identity.azurerm_user_assigned_identity.prod_uasi",
            "module.prod_keyvault.azurerm_key_vault.prodkeyvault",
            "module.prod_keyvault.azurerm_key_vault_key.prod_key",
            "module.prod_keyvault.data.azurerm_client_config.current",
            "module.prod_keyvault.random_string.kv_suffix",
            "module.prod_monitoring.azurerm_log_analytics_workspace.prod_monitoring",
            "module.prod_networking.azurerm_subnet.prod-subnet",
            "module.prod_networking.azurerm_virtual_network.prod-vnet",
            "module.prod_security.azurerm_network_security_group.prod_nsg",
            "module.prod_security.azurerm_subnet_network_security_group_association.prod_nsg_assoc"
          ]
        }
      ]
    },
    {
      "module": "module.prod_monitoring",
      "mode": "managed",
      "type": "azurerm_monitor_diagnostic_setting",
      "name": "acr_logs",
      "provider": "provider[\"registry.terraform.io/hashicorp/azurerm\"]",
      "instances": [
        {
          "schema_version": 0,
          "attributes": {
            "enabled_log": [
              {
                "category": "ContainerRegistryLoginEvents",
                "category_group": "",
                "retention_policy": [
                  {
                    "days": 0,
                    "enabled": false
                  }
                ]
              },
              {
                "category": "ContainerRegistryRepositoryEvents",
                "category_group": "",
                "retention_policy": [
                  {
                    "days": 0,
                    "enabled": false
                  }
                ]
              }
            ],
            "enabled_metric": [
              {
                "category": "AllMetrics"
              }
            ],
            "eventhub_authorization_rule_id": "",
            "eventhub_name": "",
            "id": "/subscriptions/453fff99-3dc5-43fe-8c3d-92600fc84416/resourceGroups/prod_cloud_native_app/providers/Microsoft.ContainerRegistry/registries/prodcontainer|prod-acr-logs",
            "log_analytics_destination_type": "",
            "log_analytics_workspace_id": "/subscriptions/453fff99-3dc5-43fe-8c3d-92600fc84416/resourceGroups/prod_cloud_native_app/providers/Microsoft.OperationalInsights/workspaces/prod-monitoring-workspace",
            "metric": [
              {
                "category": "AllMetrics",
                "enabled": true,
                "retention_policy": [
                  {
                    "days": 0,
                    "enabled": false
                  }
                ]
              }
            ],
            "name": "prod-acr-logs",
            "partner_solution_id": null,
            "storage_account_id": null,
            "target_resource_id": "/subscriptions/453fff99-3dc5-43fe-8c3d-92600fc84416/resourceGroups/prod_cloud_native_app/providers/Microsoft.ContainerRegistry/registries/prodcontainer",
            "timeouts": null
          },
          "sensitive_attributes": [],
          "identity_schema_version": 0,
          "private": "eyJlMmJmYjczMC1lY2FhLTExZTYtOGY4OC0zNDM2M2JjN2M0YzAiOnsiY3JlYXRlIjoxODAwMDAwMDAwMDAwLCJkZWxldGUiOjM2MDAwMDAwMDAwMDAsInJlYWQiOjMwMDAwMDAwMDAwMCwidXBkYXRlIjoxODAwMDAwMDAwMDAwfX0=",
          "dependencies": [
            "azurerm_resource_group.infra_rgs",
            "module.prod_acr.azurerm_container_registry.prod_acr",
            "module.prod_acr.azurerm_role_assignment.acr_keyvault_access",
            "module.prod_aks.azurerm_kubernetes_cluster.prod_cluster",
            "module.prod_identity.azurerm_user_assigned_identity.prod_uasi",
            "module.prod_keyvault.azurerm_key_vault.prodkeyvault",
            "module.prod_keyvault.azurerm_key_vault_key.prod_key",
            "module.prod_keyvault.data.azurerm_client_config.current",
            "module.prod_keyvault.random_string.kv_suffix",
            "module.prod_monitoring.azurerm_log_analytics_workspace.prod_monitoring",
            "module.prod_networking.azurerm_subnet.prod-subnet",
            "module.prod_networking.azurerm_virtual_network.prod-vnet",
            "module.prod_security.azurerm_network_security_group.prod_nsg",
            "module.prod_security.azurerm_subnet_network_security_group_association.prod_nsg_assoc"
          ]
        }
      ]
    },
    {
      "module": "module.prod_monitoring",
      "mode": "managed",
      "type": "azurerm_monitor_diagnostic_setting",
      "name": "aks_control_plane",
      "provider": "provider[\"registry.terraform.io/hashicorp/azurerm\"]",
      "instances": [
        {
          "schema_version": 0,
          "attributes": {
            "enabled_log": [
              {
                "category": "kube-apiserver",
                "category_group": "",
                "retention_policy": [
                  {
                    "days": 0,
                    "enabled": false
                  }
                ]
              },
              {
                "category": "kube-audit",
                "category_group": "",
                "retention_policy": [
                  {
                    "days": 0,
                    "enabled": false
                  }
                ]
              },
              {
                "category": "kube-controller-manager",
                "category_group": "",
                "retention_policy": [
                  {
                    "days": 0,
                    "enabled": false
                  }
                ]
              },
              {
                "category": "kube-scheduler",
                "category_group": "",
                "retention_policy": [
                  {
                    "days": 0,
                    "enabled": false
                  }
                ]
              }
            ],
            "enabled_metric": [
              {
                "category": "AllMetrics"
              }
            ],
            "eventhub_authorization_rule_id": "",
            "eventhub_name": "",
            "id": "/subscriptions/453fff99-3dc5-43fe-8c3d-92600fc84416/resourceGroups/prod_cloud_native_app/providers/Microsoft.ContainerService/managedClusters/prod-aks|prod-aks-control-plane-logs",
            "log_analytics_destination_type": "AzureDiagnostics",
            "log_analytics_workspace_id": "/subscriptions/453fff99-3dc5-43fe-8c3d-92600fc84416/resourceGroups/prod_cloud_native_app/providers/Microsoft.OperationalInsights/workspaces/prod-monitoring-workspace",
            "metric": [
              {
                "category": "AllMetrics",
                "enabled": true,
                "retention_policy": [
                  {
                    "days": 0,
                    "enabled": false
                  }
                ]
              }
            ],
            "name": "prod-aks-control-plane-logs",
            "partner_solution_id": null,
            "storage_account_id": null,
            "target_resource_id": "/subscriptions/453fff99-3dc5-43fe-8c3d-92600fc84416/resourceGroups/prod_cloud_native_app/providers/Microsoft.ContainerService/managedClusters/prod-aks",
            "timeouts": null
          },
          "sensitive_attributes": [],
          "identity_schema_version": 0,
          "private": "eyJlMmJmYjczMC1lY2FhLTExZTYtOGY4OC0zNDM2M2JjN2M0YzAiOnsiY3JlYXRlIjoxODAwMDAwMDAwMDAwLCJkZWxldGUiOjM2MDAwMDAwMDAwMDAsInJlYWQiOjMwMDAwMDAwMDAwMCwidXBkYXRlIjoxODAwMDAwMDAwMDAwfX0=",
          "dependencies": [
            "azurerm_resource_group.infra_rgs",
            "module.prod_acr.azurerm_container_registry.prod_acr",
            "module.prod_acr.azurerm_role_assignment.acr_keyvault_access",
            "module.prod_aks.azurerm_kubernetes_cluster.prod_cluster",
            "module.prod_identity.azurerm_user_assigned_identity.prod_uasi",
            "module.prod_keyvault.azurerm_key_vault.prodkeyvault",
            "module.prod_keyvault.azurerm_key_vault_key.prod_key",
            "module.prod_keyvault.data.azurerm_client_config.current",
            "module.prod_keyvault.random_string.kv_suffix",
            "module.prod_monitoring.azurerm_log_analytics_workspace.prod_monitoring",
            "module.prod_networking.azurerm_subnet.prod-subnet",
            "module.prod_networking.azurerm_virtual_network.prod-vnet",
            "module.prod_security.azurerm_network_security_group.prod_nsg",
            "module.prod_security.azurerm_subnet_network_security_group_association.prod_nsg_assoc"
          ]
        }
      ]
    },
    {
      "module": "module.prod_monitoring",
      "mode": "managed",
      "type": "azurerm_monitor_diagnostic_setting",
      "name": "keyvault_audit",
      "provider": "provider[\"registry.terraform.io/hashicorp/azurerm\"]",
      "instances": [
        {
          "schema_version": 0,
          "attributes": {
            "enabled_log": [
              {
                "category": "AuditEvent",
                "category_group": "",
                "retention_policy": [
                  {
                    "days": 0,
                    "enabled": false
                  }
                ]
              }
            ],
            "enabled_metric": [],
            "eventhub_authorization_rule_id": "",
            "eventhub_name": "",
            "id": "/subscriptions/453fff99-3dc5-43fe-8c3d-92600fc84416/resourceGroups/prod_cloud_native_app/providers/Microsoft.KeyVault/vaults/kv-prod-jyp9tq|prod-keyvault-audit-logs",
            "log_analytics_destination_type": "AzureDiagnostics",
            "log_analytics_workspace_id": "/subscriptions/453fff99-3dc5-43fe-8c3d-92600fc84416/resourceGroups/prod_cloud_native_app/providers/Microsoft.OperationalInsights/workspaces/prod-monitoring-workspace",
            "metric": [
              {
                "category": "AllMetrics",
                "enabled": false,
                "retention_policy": [
                  {
                    "days": 0,
                    "enabled": false
                  }
                ]
              }
            ],
            "name": "prod-keyvault-audit-logs",
            "partner_solution_id": null,
            "storage_account_id": null,
            "target_resource_id": "/subscriptions/453fff99-3dc5-43fe-8c3d-92600fc84416/resourceGroups/prod_cloud_native_app/providers/Microsoft.KeyVault/vaults/kv-prod-jyp9tq",
            "timeouts": null
          },
          "sensitive_attributes": [],
          "identity_schema_version": 0,
          "private": "eyJlMmJmYjczMC1lY2FhLTExZTYtOGY4OC0zNDM2M2JjN2M0YzAiOnsiY3JlYXRlIjoxODAwMDAwMDAwMDAwLCJkZWxldGUiOjM2MDAwMDAwMDAwMDAsInJlYWQiOjMwMDAwMDAwMDAwMCwidXBkYXRlIjoxODAwMDAwMDAwMDAwfX0=",
          "dependencies": [
            "azurerm_resource_group.infra_rgs",
            "module.prod_acr.azurerm_container_registry.prod_acr",
            "module.prod_acr.azurerm_role_assignment.acr_keyvault_access",
            "module.prod_aks.azurerm_kubernetes_cluster.prod_cluster",
            "module.prod_identity.azurerm_user_assigned_identity.prod_uasi",
            "module.prod_keyvault.azurerm_key_vault.prodkeyvault",
            "module.prod_keyvault.azurerm_key_vault_key.prod_key",
            "module.prod_keyvault.data.azurerm_client_config.current",
            "module.prod_keyvault.random_string.kv_suffix",
            "module.prod_monitoring.azurerm_log_analytics_workspace.prod_monitoring",
            "module.prod_networking.azurerm_subnet.prod-subnet",
            "module.prod_networking.azurerm_virtual_network.prod-vnet",
            "module.prod_security.azurerm_network_security_group.prod_nsg",
            "module.prod_security.azurerm_subnet_network_security_group_association.prod_nsg_assoc"
          ]
        }
      ]
    },
    {
      "module": "module.prod_monitoring",
      "mode": "managed",
      "type": "azurerm_monitor_diagnostic_setting",
      "name": "vnet_metrics",
      "provider": "provider[\"registry.terraform.io/hashicorp/azurerm\"]",
      "instances": [
        {
          "schema_version": 0,
          "attributes": {
            "enabled_log": [],
            "enabled_metric": [
              {
                "category": "AllMetrics"
              }
            ],
            "eventhub_authorization_rule_id": "",
            "eventhub_name": "",
            "id": "/subscriptions/453fff99-3dc5-43fe-8c3d-92600fc84416/resourceGroups/prod_cloud_native_app/providers/Microsoft.Network/virtualNetworks/prod-vnet|prod-vnet-flow-logs",
            "log_analytics_destination_type": "",
            "log_analytics_workspace_id": "/subscriptions/453fff99-3dc5-43fe-8c3d-92600fc84416/resourceGroups/prod_cloud_native_app/providers/Microsoft.OperationalInsights/workspaces/prod-monitoring-workspace",
            "metric": [
              {
                "category": "AllMetrics",
                "enabled": true,
                "retention_policy": [
                  {
                    "days": 0,
                    "enabled": false
                  }
                ]
              }
            ],
            "name": "prod-vnet-flow-logs",
            "partner_solution_id": null,
            "storage_account_id": null,
            "target_resource_id": "/subscriptions/453fff99-3dc5-43fe-8c3d-92600fc84416/resourceGroups/prod_cloud_native_app/providers/Microsoft.Network/virtualNetworks/prod-vnet",
            "timeouts": null
          },
          "sensitive_attributes": [],
          "identity_schema_version": 0,
          "private": "eyJlMmJmYjczMC1lY2FhLTExZTYtOGY4OC0zNDM2M2JjN2M0YzAiOnsiY3JlYXRlIjoxODAwMDAwMDAwMDAwLCJkZWxldGUiOjM2MDAwMDAwMDAwMDAsInJlYWQiOjMwMDAwMDAwMDAwMCwidXBkYXRlIjoxODAwMDAwMDAwMDAwfX0=",
          "dependencies": [
            "azurerm_resource_group.infra_rgs",
            "module.prod_acr.azurerm_container_registry.prod_acr",
            "module.prod_acr.azurerm_role_assignment.acr_keyvault_access",
            "module.prod_aks.azurerm_kubernetes_cluster.prod_cluster",
            "module.prod_identity.azurerm_user_assigned_identity.prod_uasi",
            "module.prod_keyvault.azurerm_key_vault.prodkeyvault",
            "module.prod_keyvault.azurerm_key_vault_key.prod_key",
            "module.prod_keyvault.data.azurerm_client_config.current",
            "module.prod_keyvault.random_string.kv_suffix",
            "module.prod_monitoring.azurerm_log_analytics_workspace.prod_monitoring",
            "module.prod_networking.azurerm_subnet.prod-subnet",
            "module.prod_networking.azurerm_virtual_network.prod-vnet",
            "module.prod_security.azurerm_network_security_group.prod_nsg",
            "module.prod_security.azurerm_subnet_network_security_group_association.prod_nsg_assoc"
          ]
        }
      ]
    },
    {
      "module": "module.prod_monitoring",
      "mode": "managed",
      "type": "azurerm_monitor_metric_alert",
      "name": "aks_cpu_high",
      "provider": "provider[\"registry.terraform.io/hashicorp/azurerm\"]",
      "instances": [
        {
          "schema_version": 1,
          "attributes": {
            "action": [
              {
                "action_group_id": "/subscriptions/453fff99-3dc5-43fe-8c3d-92600fc84416/resourceGroups/prod_cloud_native_app/providers/Microsoft.Insights/actionGroups/prod-alerts",
                "webhook_properties": {}
              }
            ],
            "application_insights_web_test_location_availability_criteria": [],
            "auto_mitigate": true,
            "criteria": [
              {
                "aggregation": "Average",
                "dimension": [],
                "metric_name": "node_cpu_usage_percentage",
                "metric_namespace": "Microsoft.ContainerService/managedClusters",
                "operator": "GreaterThan",
                "skip_metric_validation": false,
                "threshold": 80
              }
            ],
            "description": "Alert if CPU usage exceeds 80% for 5 minutes",
            "dynamic_criteria": [],
            "enabled": true,
            "frequency": "PT5M",
            "id": "/subscriptions/453fff99-3dc5-43fe-8c3d-92600fc84416/resourceGroups/prod_cloud_native_app/providers/Microsoft.Insights/metricAlerts/$aks-cpu-alert",
            "name": "$aks-cpu-alert",
            "resource_group_name": "prod_cloud_native_app",
            "scopes": [
              "/subscriptions/453fff99-3dc5-43fe-8c3d-92600fc84416/resourceGroups/prod_cloud_native_app/providers/Microsoft.ContainerService/managedClusters/prod-aks"
            ],
            "severity": 1,
            "tags": {},
            "target_resource_location": "",
            "target_resource_type": "",
            "timeouts": null,
            "window_size": "PT5M"
          },
          "sensitive_attributes": [],
          "identity_schema_version": 0,
          "private": "eyJlMmJmYjczMC1lY2FhLTExZTYtOGY4OC0zNDM2M2JjN2M0YzAiOnsiY3JlYXRlIjoxODAwMDAwMDAwMDAwLCJkZWxldGUiOjE4MDAwMDAwMDAwMDAsInJlYWQiOjMwMDAwMDAwMDAwMCwidXBkYXRlIjoxODAwMDAwMDAwMDAwfSwic2NoZW1hX3ZlcnNpb24iOiIxIn0=",
          "dependencies": [
            "azurerm_resource_group.infra_rgs",
            "module.prod_acr.azurerm_container_registry.prod_acr",
            "module.prod_acr.azurerm_role_assignment.acr_keyvault_access",
            "module.prod_aks.azurerm_kubernetes_cluster.prod_cluster",
            "module.prod_identity.azurerm_user_assigned_identity.prod_uasi",
            "module.prod_keyvault.azurerm_key_vault.prodkeyvault",
            "module.prod_keyvault.azurerm_key_vault_key.prod_key",
            "module.prod_keyvault.data.azurerm_client_config.current",
            "module.prod_keyvault.random_string.kv_suffix",
            "module.prod_monitoring.azurerm_log_analytics_workspace.prod_monitoring",
            "module.prod_monitoring.azurerm_monitor_action_group.alerts",
            "module.prod_networking.azurerm_subnet.prod-subnet",
            "module.prod_networking.azurerm_virtual_network.prod-vnet",
            "module.prod_security.azurerm_network_security_group.prod_nsg",
            "module.prod_security.azurerm_subnet_network_security_group_association.prod_nsg_assoc"
          ]
        }
      ]
    },
    {
      "module": "module.prod_networking",
      "mode": "managed",
      "type": "azurerm_subnet",
      "name": "prod-subnet",
      "provider": "provider[\"registry.terraform.io/hashicorp/azurerm\"]",
      "instances": [
        {
          "schema_version": 0,
          "attributes": {
            "address_prefixes": [
              "10.0.0.0/24"
            ],
            "default_outbound_access_enabled": true,
            "delegation": [],
            "id": "/subscriptions/453fff99-3dc5-43fe-8c3d-92600fc84416/resourceGroups/prod_cloud_native_app/providers/Microsoft.Network/virtualNetworks/prod-vnet/subnets/prod-subnet",
            "ip_address_pool": [],
            "name": "prod-subnet",
            "private_endpoint_network_policies": "Disabled",
            "private_link_service_network_policies_enabled": true,
            "resource_group_name": "prod_cloud_native_app",
            "service_endpoint_policy_ids": [],
            "service_endpoints": [],
            "timeouts": null,
            "virtual_network_name": "prod-vnet"
          },
          "sensitive_attributes": [],
          "identity_schema_version": 0,
          "identity": {
            "name": "prod-subnet",
            "resource_group_name": "prod_cloud_native_app",
            "subscription_id": "453fff99-3dc5-43fe-8c3d-92600fc84416",
            "virtual_network_name": "prod-vnet"
          },
          "private": "eyJlMmJmYjczMC1lY2FhLTExZTYtOGY4OC0zNDM2M2JjN2M0YzAiOnsiY3JlYXRlIjoxODAwMDAwMDAwMDAwLCJkZWxldGUiOjE4MDAwMDAwMDAwMDAsInJlYWQiOjMwMDAwMDAwMDAwMCwidXBkYXRlIjoxODAwMDAwMDAwMDAwfX0=",
          "dependencies": [
            "azurerm_resource_group.infra_rgs",
            "module.prod_networking.azurerm_virtual_network.prod-vnet"
          ]
        }
      ]
    },
    {
      "module": "module.prod_networking",
      "mode": "managed",
      "type": "azurerm_virtual_network",
      "name": "prod-vnet",
      "provider": "provider[\"registry.terraform.io/hashicorp/azurerm\"]",
      "instances": [
        {
          "schema_version": 0,
          "attributes": {
            "address_space": [
              "10.0.0.0/16"
            ],
            "bgp_community": "",
            "ddos_protection_plan": [],
            "dns_servers": [],
            "edge_zone": "",
            "encryption": [],
            "flow_timeout_in_minutes": 0,
            "guid": "ed2cde07-4428-499d-aefb-82d26c6fadda",
            "id": "/subscriptions/453fff99-3dc5-43fe-8c3d-92600fc84416/resourceGroups/prod_cloud_native_app/providers/Microsoft.Network/virtualNetworks/prod-vnet",
            "ip_address_pool": [],
            "location": "northeurope",
            "name": "prod-vnet",
            "private_endpoint_vnet_policies": "Disabled",
            "resource_group_name": "prod_cloud_native_app",
            "subnet": [
              {
                "address_prefixes": [
                  "10.0.0.0/24"
                ],
                "default_outbound_access_enabled": true,
                "delegation": [],
                "id": "/subscriptions/453fff99-3dc5-43fe-8c3d-92600fc84416/resourceGroups/prod_cloud_native_app/providers/Microsoft.Network/virtualNetworks/prod-vnet/subnets/prod-subnet",
                "name": "prod-subnet",
                "private_endpoint_network_policies": "Disabled",
                "private_link_service_network_policies_enabled": true,
                "route_table_id": "",
                "security_group": "/subscriptions/453fff99-3dc5-43fe-8c3d-92600fc84416/resourceGroups/prod_cloud_native_app/providers/Microsoft.Network/networkSecurityGroups/prod-nsg",
                "service_endpoint_policy_ids": [],
                "service_endpoints": []
              }
            ],
            "tags": {
              "environment": "prod"
            },
            "timeouts": null
          },
          "sensitive_attributes": [],
          "identity_schema_version": 0,
          "identity": {
            "name": "prod-vnet",
            "resource_group_name": "prod_cloud_native_app",
            "subscription_id": "453fff99-3dc5-43fe-8c3d-92600fc84416"
          },
          "private": "eyJlMmJmYjczMC1lY2FhLTExZTYtOGY4OC0zNDM2M2JjN2M0YzAiOnsiY3JlYXRlIjoxODAwMDAwMDAwMDAwLCJkZWxldGUiOjE4MDAwMDAwMDAwMDAsInJlYWQiOjMwMDAwMDAwMDAwMCwidXBkYXRlIjoxODAwMDAwMDAwMDAwfX0=",
          "dependencies": [
            "azurerm_resource_group.infra_rgs"
          ]
        }
      ]
    },
    {
      "module": "module.prod_security",
      "mode": "managed",
      "type": "azurerm_network_security_group",
      "name": "prod_nsg",
      "provider": "provider[\"registry.terraform.io/hashicorp/azurerm\"]",
      "instances": [
        {
          "schema_version": 0,
          "attributes": {
            "id": "/subscriptions/453fff99-3dc5-43fe-8c3d-92600fc84416/resourceGroups/prod_cloud_native_app/providers/Microsoft.Network/networkSecurityGroups/prod-nsg",
            "location": "northeurope",
            "name": "prod-nsg",
            "resource_group_name": "prod_cloud_native_app",
            "security_rule": [
              {
                "access": "Allow",
                "description": "",
                "destination_address_prefix": "*",
                "destination_address_prefixes": [],
                "destination_application_security_group_ids": [],
                "destination_port_range": "443",
                "destination_port_ranges": [],
                "direction": "Inbound",
                "name": "Allow443port",
                "priority": 101,
                "protocol": "Tcp",
                "source_address_prefix": "Internet",
                "source_address_prefixes": [],
                "source_application_security_group_ids": [],
                "source_port_range": "*",
                "source_port_ranges": []
              },
              {
                "access": "Allow",
                "description": "",
                "destination_address_prefix": "*",
                "destination_address_prefixes": [],
                "destination_application_security_group_ids": [],
                "destination_port_range": "80",
                "destination_port_ranges": [],
                "direction": "Inbound",
                "name": "Allow80port",
                "priority": 100,
                "protocol": "Tcp",
                "source_address_prefix": "Internet",
                "source_address_prefixes": [],
                "source_application_security_group_ids": [],
                "source_port_range": "*",
                "source_port_ranges": []
              },
              {
                "access": "Allow",
                "description": "",
                "destination_address_prefix": "Internet",
                "destination_address_prefixes": [],
                "destination_application_security_group_ids": [],
                "destination_port_range": "*",
                "destination_port_ranges": [],
                "direction": "Outbound",
                "name": "Allow443",
                "priority": 103,
                "protocol": "*",
                "source_address_prefix": "*",
                "source_address_prefixes": [],
                "source_application_security_group_ids": [],
                "source_port_range": "*",
                "source_port_ranges": []
              },
              {
                "access": "Allow",
                "description": "",
                "destination_address_prefix": "Internet",
                "destination_address_prefixes": [],
                "destination_application_security_group_ids": [],
                "destination_port_range": "*",
                "destination_port_ranges": [],
                "direction": "Outbound",
                "name": "Allow80",
                "priority": 104,
                "protocol": "*",
                "source_address_prefix": "*",
                "source_address_prefixes": [],
                "source_application_security_group_ids": [],
                "source_port_range": "*",
                "source_port_ranges": []
              }
            ],
            "tags": {
              "Environment": "prod"
            },
            "timeouts": null
          },
          "sensitive_attributes": [],
          "identity_schema_version": 0,
          "identity": {
            "name": "prod-nsg",
            "resource_group_name": "prod_cloud_native_app",
            "subscription_id": "453fff99-3dc5-43fe-8c3d-92600fc84416"
          },
          "private": "eyJlMmJmYjczMC1lY2FhLTExZTYtOGY4OC0zNDM2M2JjN2M0YzAiOnsiY3JlYXRlIjoxODAwMDAwMDAwMDAwLCJkZWxldGUiOjE4MDAwMDAwMDAwMDAsInJlYWQiOjMwMDAwMDAwMDAwMCwidXBkYXRlIjoxODAwMDAwMDAwMDAwfX0=",
          "dependencies": [
            "azurerm_resource_group.infra_rgs",
            "module.prod_networking.azurerm_subnet.prod-subnet",
            "module.prod_networking.azurerm_virtual_network.prod-vnet"
          ]
        }
      ]
    },
    {
      "module": "module.prod_security",
      "mode": "managed",
      "type": "azurerm_subnet_network_security_group_association",
      "name": "prod_nsg_assoc",
      "provider": "provider[\"registry.terraform.io/hashicorp/azurerm\"]",
      "instances": [
        {
          "schema_version": 0,
          "attributes": {
            "id": "/subscriptions/453fff99-3dc5-43fe-8c3d-92600fc84416/resourceGroups/prod_cloud_native_app/providers/Microsoft.Network/virtualNetworks/prod-vnet/subnets/prod-subnet",
            "network_security_group_id": "/subscriptions/453fff99-3dc5-43fe-8c3d-92600fc84416/resourceGroups/prod_cloud_native_app/providers/Microsoft.Network/networkSecurityGroups/prod-nsg",
            "subnet_id": "/subscriptions/453fff99-3dc5-43fe-8c3d-92600fc84416/resourceGroups/prod_cloud_native_app/providers/Microsoft.Network/virtualNetworks/prod-vnet/subnets/prod-subnet",
            "timeouts": null
          },
          "sensitive_attributes": [],
          "identity_schema_version": 0,
          "private": "eyJlMmJmYjczMC1lY2FhLTExZTYtOGY4OC0zNDM2M2JjN2M0YzAiOnsiY3JlYXRlIjoxODAwMDAwMDAwMDAwLCJkZWxldGUiOjE4MDAwMDAwMDAwMDAsInJlYWQiOjMwMDAwMDAwMDAwMH19",
          "dependencies": [
            "azurerm_resource_group.infra_rgs",
            "module.prod_networking.azurerm_subnet.prod-subnet",
            "module.prod_networking.azurerm_virtual_network.prod-vnet",
            "module.prod_security.azurerm_network_security_group.prod_nsg"
          ]
        }
      ]
    }
  ],
  "check_results": null
}
